// !$*UTF8*$!
{
	archiveVersion = 1;
	classes = {
	};
	objectVersion = 46;
	objects = {

/* Begin PBXBuildFile section */
		6CE4B673154E422F0007B344 /* Cocoa.framework in Frameworks */ = {isa = PBXBuildFile; fileRef = 6CE4B672154E422F0007B344 /* Cocoa.framework */; };
		6CE4B67D154E422F0007B344 /* InfoPlist.strings in Resources */ = {isa = PBXBuildFile; fileRef = 6CE4B67B154E422F0007B344 /* InfoPlist.strings */; };
		6CE4B696154E43610007B344 /* RetweetWithCommentSetInReplyToForEchofon.m in Sources */ = {isa = PBXBuildFile; fileRef = 6CE4B695154E43610007B344 /* RetweetWithCommentSetInReplyToForEchofon.m */; };
/* End PBXBuildFile section */

/* Begin PBXFileReference section */
		6CE4B66F154E422F0007B344 /* RetweetWithCommentSetInReplyToForEchofon.bundle */ = {isa = PBXFileReference; explicitFileType = wrapper.cfbundle; includeInIndex = 0; path = RetweetWithCommentSetInReplyToForEchofon.bundle; sourceTree = BUILT_PRODUCTS_DIR; };
		6CE4B672154E422F0007B344 /* Cocoa.framework */ = {isa = PBXFileReference; lastKnownFileType = wrapper.framework; name = Cocoa.framework; path = System/Library/Frameworks/Cocoa.framework; sourceTree = SDKROOT; };
		6CE4B675154E422F0007B344 /* AppKit.framework */ = {isa = PBXFileReference; lastKnownFileType = wrapper.framework; name = AppKit.framework; path = System/Library/Frameworks/AppKit.framework; sourceTree = SDKROOT; };
		6CE4B676154E422F0007B344 /* CoreData.framework */ = {isa = PBXFileReference; lastKnownFileType = wrapper.framework; name = CoreData.framework; path = System/Library/Frameworks/CoreData.framework; sourceTree = SDKROOT; };
		6CE4B677154E422F0007B344 /* Foundation.framework */ = {isa = PBXFileReference; lastKnownFileType = wrapper.framework; name = Foundation.framework; path = System/Library/Frameworks/Foundation.framework; sourceTree = SDKROOT; };
		6CE4B67A154E422F0007B344 /* RetweetWithCommentSetInReplyToForEchofon-Info.plist */ = {isa = PBXFileReference; lastKnownFileType = text.plist.xml; path = "RetweetWithCommentSetInReplyToForEchofon-Info.plist"; sourceTree = "<group>"; };
		6CE4B67C154E422F0007B344 /* en */ = {isa = PBXFileReference; lastKnownFileType = text.plist.strings; name = en; path = en.lproj/InfoPlist.strings; sourceTree = "<group>"; };
		6CE4B67E154E422F0007B344 /* RetweetWithCommentSetInReplyToForEchofon-Prefix.pch */ = {isa = PBXFileReference; lastKnownFileType = sourcecode.c.h; path = "RetweetWithCommentSetInReplyToForEchofon-Prefix.pch"; sourceTree = "<group>"; };
		6CE4B694154E43610007B344 /* RetweetWithCommentSetInReplyToForEchofon.h */ = {isa = PBXFileReference; fileEncoding = 4; lastKnownFileType = sourcecode.c.h; path = RetweetWithCommentSetInReplyToForEchofon.h; sourceTree = "<group>"; };
		6CE4B695154E43610007B344 /* RetweetWithCommentSetInReplyToForEchofon.m */ = {isa = PBXFileReference; fileEncoding = 4; lastKnownFileType = sourcecode.c.objc; path = RetweetWithCommentSetInReplyToForEchofon.m; sourceTree = "<group>"; };
/* End PBXFileReference section */

/* Begin PBXFrameworksBuildPhase section */
		6CE4B66C154E422F0007B344 /* Frameworks */ = {
			isa = PBXFrameworksBuildPhase;
			buildActionMask = 2147483647;
			files = (
				6CE4B673154E422F0007B344 /* Cocoa.framework in Frameworks */,
			);
			runOnlyForDeploymentPostprocessing = 0;
		};
/* End PBXFrameworksBuildPhase section */

/* Begin PBXGroup section */
		6CE4B664154E422F0007B344 = {
			isa = PBXGroup;
			children = (
				6CE4B678154E422F0007B344 /* RetweetWithCommentSetInReplyToForEchofon */,
				6CE4B671154E422F0007B344 /* Frameworks */,
				6CE4B670154E422F0007B344 /* Products */,
			);
			sourceTree = "<group>";
		};
		6CE4B670154E422F0007B344 /* Products */ = {
			isa = PBXGroup;
			children = (
				6CE4B66F154E422F0007B344 /* RetweetWithCommentSetInReplyToForEchofon.bundle */,
			);
			name = Products;
			sourceTree = "<group>";
		};
		6CE4B671154E422F0007B344 /* Frameworks */ = {
			isa = PBXGroup;
			children = (
				6CE4B672154E422F0007B344 /* Cocoa.framework */,
				6CE4B674154E422F0007B344 /* Other Frameworks */,
			);
			name = Frameworks;
			sourceTree = "<group>";
		};
		6CE4B674154E422F0007B344 /* Other Frameworks */ = {
			isa = PBXGroup;
			children = (
				6CE4B675154E422F0007B344 /* AppKit.framework */,
				6CE4B676154E422F0007B344 /* CoreData.framework */,
				6CE4B677154E422F0007B344 /* Foundation.framework */,
			);
			name = "Other Frameworks";
			sourceTree = "<group>";
		};
		6CE4B678154E422F0007B344 /* RetweetWithCommentSetInReplyToForEchofon */ = {
			isa = PBXGroup;
			children = (
				6CE4B694154E43610007B344 /* RetweetWithCommentSetInReplyToForEchofon.h */,
				6CE4B695154E43610007B344 /* RetweetWithCommentSetInReplyToForEchofon.m */,
				6CE4B679154E422F0007B344 /* Supporting Files */,
			);
			path = RetweetWithCommentSetInReplyToForEchofon;
			sourceTree = "<group>";
		};
		6CE4B679154E422F0007B344 /* Supporting Files */ = {
			isa = PBXGroup;
			children = (
				6CE4B67A154E422F0007B344 /* RetweetWithCommentSetInReplyToForEchofon-Info.plist */,
				6CE4B67B154E422F0007B344 /* InfoPlist.strings */,
				6CE4B67E154E422F0007B344 /* RetweetWithCommentSetInReplyToForEchofon-Prefix.pch */,
			);
			name = "Supporting Files";
			sourceTree = "<group>";
		};
/* End PBXGroup section */

/* Begin PBXNativeTarget section */
		6CE4B66E154E422F0007B344 /* RetweetWithCommentSetInReplyToForEchofon */ = {
			isa = PBXNativeTarget;
			buildConfigurationList = 6CE4B681154E422F0007B344 /* Build configuration list for PBXNativeTarget "RetweetWithCommentSetInReplyToForEchofon" */;
			buildPhases = (
				6CE4B66B154E422F0007B344 /* Sources */,
				6CE4B66C154E422F0007B344 /* Frameworks */,
				6CE4B66D154E422F0007B344 /* Resources */,
			);
			buildRules = (
			);
			dependencies = (
			);
			name = RetweetWithCommentSetInReplyToForEchofon;
			productName = RetweetWithCommentSetInReplyToForEchofon;
			productReference = 6CE4B66F154E422F0007B344 /* RetweetWithCommentSetInReplyToForEchofon.bundle */;
			productType = "com.apple.product-type.bundle";
		};
/* End PBXNativeTarget section */

/* Begin PBXProject section */
		6CE4B666154E422F0007B344 /* Project object */ = {
			isa = PBXProject;
			attributes = {
				LastUpgradeCheck = 0440;
			};
			buildConfigurationList = 6CE4B669154E422F0007B344 /* Build configuration list for PBXProject "RetweetWithCommentSetInReplyToForEchofon" */;
			compatibilityVersion = "Xcode 3.2";
			developmentRegion = English;
			hasScannedForEncodings = 0;
			knownRegions = (
				en,
			);
			mainGroup = 6CE4B664154E422F0007B344;
			productRefGroup = 6CE4B670154E422F0007B344 /* Products */;
			projectDirPath = "";
			projectRoot = "";
			targets = (
				6CE4B66E154E422F0007B344 /* RetweetWithCommentSetInReplyToForEchofon */,
			);
		};
/* End PBXProject section */

/* Begin PBXResourcesBuildPhase section */
		6CE4B66D154E422F0007B344 /* Resources */ = {
			isa = PBXResourcesBuildPhase;
			buildActionMask = 2147483647;
			files = (
				6CE4B67D154E422F0007B344 /* InfoPlist.strings in Resources */,
			);
			runOnlyForDeploymentPostprocessing = 0;
		};
/* End PBXResourcesBuildPhase section */

/* Begin PBXSourcesBuildPhase section */
		6CE4B66B154E422F0007B344 /* Sources */ = {
			isa = PBXSourcesBuildPhase;
			buildActionMask = 2147483647;
			files = (
				6CE4B696154E43610007B344 /* RetweetWithCommentSetInReplyToForEchofon.m in Sources */,
			);
			runOnlyForDeploymentPostprocessing = 0;
		};
/* End PBXSourcesBuildPhase section */

/* Begin PBXVariantGroup section */
		6CE4B67B154E422F0007B344 /* InfoPlist.strings */ = {
			isa = PBXVariantGroup;
			children = (
				6CE4B67C154E422F0007B344 /* en */,
			);
			name = InfoPlist.strings;
			sourceTree = "<group>";
		};
/* End PBXVariantGroup section */

/* Begin XCBuildConfiguration section */
		6CE4B67F154E422F0007B344 /* Debug */ = {
			isa = XCBuildConfiguration;
			buildSettings = {
				ALWAYS_SEARCH_USER_PATHS = NO;
				ARCHS = "$(ARCHS_STANDARD_64_BIT)";
				COPY_PHASE_STRIP = NO;
				GCC_C_LANGUAGE_STANDARD = gnu99;
				GCC_DYNAMIC_NO_PIC = NO;
				GCC_ENABLE_OBJC_EXCEPTIONS = YES;
				GCC_OPTIMIZATION_LEVEL = 0;
				GCC_PREPROCESSOR_DEFINITIONS = (
					"DEBUG=1",
					"$(inherited)",
				);
				GCC_SYMBOLS_PRIVATE_EXTERN = NO;
				GCC_VERSION = com.apple.compilers.llvm.clang.1_0;
				GCC_WARN_64_TO_32_BIT_CONVERSION = YES;
				GCC_WARN_ABOUT_RETURN_TYPE = YES;
				GCC_WARN_UNINITIALIZED_AUTOS = YES;
				GCC_WARN_UNUSED_VARIABLE = YES;
				MACOSX_DEPLOYMENT_TARGET = 10.6;
				ONLY_ACTIVE_ARCH = YES;
				SDKROOT = macosx;
			};
			name = Debug;
		};
		6CE4B680154E422F0007B344 /* Release */ = {
			isa = XCBuildConfiguration;
			buildSettings = {
				ALWAYS_SEARCH_USER_PATHS = NO;
				ARCHS = "$(ARCHS_STANDARD_64_BIT)";
				COPY_PHASE_STRIP = YES;
				DEBUG_INFORMATION_FORMAT = "dwarf-with-dsym";
				GCC_C_LANGUAGE_STANDARD = gnu99;
				GCC_ENABLE_OBJC_EXCEPTIONS = YES;
				GCC_VERSION = com.apple.compilers.llvm.clang.1_0;
				GCC_WARN_64_TO_32_BIT_CONVERSION = YES;
				GCC_WARN_ABOUT_RETURN_TYPE = YES;
				GCC_WARN_UNINITIALIZED_AUTOS = YES;
				GCC_WARN_UNUSED_VARIABLE = YES;
				MACOSX_DEPLOYMENT_TARGET = 10.6;
				SDKROOT = macosx;
			};
			name = Release;
		};
		6CE4B682154E422F0007B344 /* Debug */ = {
			isa = XCBuildConfiguration;
			buildSettings = {
				COMBINE_HIDPI_IMAGES = YES;
				GCC_PRECOMPILE_PREFIX_HEADER = YES;
				GCC_PREFIX_HEADER = "RetweetWithCommentSetInReplyToForEchofon/RetweetWithCommentSetInReplyToForEchofon-Prefix.pch";
				INFOPLIST_FILE = "RetweetWithCommentSetInReplyToForEchofon/RetweetWithCommentSetInReplyToForEchofon-Info.plist";
				PRODUCT_NAME = "$(TARGET_NAME)";
				WRAPPER_EXTENSION = bundle;
			};
			name = Debug;
		};
		6CE4B683154E422F0007B344 /* Release */ = {
			isa = XCBuildConfiguration;
			buildSettings = {
				CODE_SIGN_IDENTITY = "Developer ID Application: Norio Nomura";
				COMBINE_HIDPI_IMAGES = YES;
				GCC_PRECOMPILE_PREFIX_HEADER = YES;
				GCC_PREFIX_HEADER = "RetweetWithCommentSetInReplyToForEchofon/RetweetWithCommentSetInReplyToForEchofon-Prefix.pch";
				INFOPLIST_FILE = "RetweetWithCommentSetInReplyToForEchofon/RetweetWithCommentSetInReplyToForEchofon-Info.plist";
				PRODUCT_NAME = "$(TARGET_NAME)";
				PROVISIONING_PROFILE = "";
				WRAPPER_EXTENSION = bundle;
			};
			name = Release;
		};
/* End XCBuildConfiguration section */

/* Begin XCConfigurationList section */
		6CE4B669154E422F0007B344 /* Build configuration list for PBXProject "RetweetWithCommentSetInReplyToForEchofon" */ = {
			isa = XCConfigurationList;
			buildConfigurations = (
				6CE4B67F154E422F0007B344 /* Debug */,
				6CE4B680154E422F0007B344 /* Release */,
			);
			defaultConfigurationIsVisible = 0;
			defaultConfigurationName = Release;
		};
		6CE4B681154E422F0007B344 /* Build configuration list for PBXNativeTarget "RetweetWithCommentSetInReplyToForEchofon" */ = {
			isa = XCConfigurationList;
			buildConfigurations = (
				6CE4B682154E422F0007B344 /* Debug */,
				6CE4B683154E422F0007B344 /* Release */,
			);
			defaultConfigurationIsVisible = 0;
			defaultConfigurationName = Release;
		};
/* End XCConfigurationList section */
	};
	rootObject = 6CE4B666154E422F0007B344 /* Project object */;
}
