// !$*UTF8*$!
{
	archiveVersion = 1;
	classes = {
	};
	objectVersion = 46;
	objects = {

/* Begin PBXBuildFile section */
		6C2E54FB154F5CE500F0B02C /* Cocoa.framework in Frameworks */ = {isa = PBXBuildFile; fileRef = 6C2E54FA154F5CE500F0B02C /* Cocoa.framework */; };
		6C2E5505154F5CE500F0B02C /* InfoPlist.strings in Resources */ = {isa = PBXBuildFile; fileRef = 6C2E5503154F5CE500F0B02C /* InfoPlist.strings */; };
		6C2E551D154F5D6800F0B02C /* ExtendImageServiceForEchofon.m in Sources */ = {isa = PBXBuildFile; fileRef = 6C2E551C154F5D6800F0B02C /* ExtendImageServiceForEchofon.m */; };
/* End PBXBuildFile section */

/* Begin PBXFileReference section */
		6C2E54F7154F5CE500F0B02C /* ExtendImageServiceForEchofon.bundle */ = {isa = PBXFileReference; explicitFileType = wrapper.cfbundle; includeInIndex = 0; path = ExtendImageServiceForEchofon.bundle; sourceTree = BUILT_PRODUCTS_DIR; };
		6C2E54FA154F5CE500F0B02C /* Cocoa.framework */ = {isa = PBXFileReference; lastKnownFileType = wrapper.framework; name = Cocoa.framework; path = System/Library/Frameworks/Cocoa.framework; sourceTree = SDKROOT; };
		6C2E54FD154F5CE500F0B02C /* AppKit.framework */ = {isa = PBXFileReference; lastKnownFileType = wrapper.framework; name = AppKit.framework; path = System/Library/Frameworks/AppKit.framework; sourceTree = SDKROOT; };
		6C2E54FE154F5CE500F0B02C /* CoreData.framework */ = {isa = PBXFileReference; lastKnownFileType = wrapper.framework; name = CoreData.framework; path = System/Library/Frameworks/CoreData.framework; sourceTree = SDKROOT; };
		6C2E54FF154F5CE500F0B02C /* Foundation.framework */ = {isa = PBXFileReference; lastKnownFileType = wrapper.framework; name = Foundation.framework; path = System/Library/Frameworks/Foundation.framework; sourceTree = SDKROOT; };
		6C2E5502154F5CE500F0B02C /* ExtendImageServiceForEchofon-Info.plist */ = {isa = PBXFileReference; lastKnownFileType = text.plist.xml; path = "ExtendImageServiceForEchofon-Info.plist"; sourceTree = "<group>"; };
		6C2E5504154F5CE500F0B02C /* en */ = {isa = PBXFileReference; lastKnownFileType = text.plist.strings; name = en; path = en.lproj/InfoPlist.strings; sourceTree = "<group>"; };
		6C2E5506154F5CE500F0B02C /* ExtendImageServiceForEchofon-Prefix.pch */ = {isa = PBXFileReference; lastKnownFileType = sourcecode.c.h; path = "ExtendImageServiceForEchofon-Prefix.pch"; sourceTree = "<group>"; };
		6C2E551B154F5D6800F0B02C /* ExtendImageServiceForEchofon.h */ = {isa = PBXFileReference; fileEncoding = 4; lastKnownFileType = sourcecode.c.h; path = ExtendImageServiceForEchofon.h; sourceTree = "<group>"; };
		6C2E551C154F5D6800F0B02C /* ExtendImageServiceForEchofon.m */ = {isa = PBXFileReference; fileEncoding = 4; lastKnownFileType = sourcecode.c.objc; path = ExtendImageServiceForEchofon.m; sourceTree = "<group>"; };
		6C2E5521154F794B00F0B02C /* EchofonProtocols.h */ = {isa = PBXFileReference; fileEncoding = 4; lastKnownFileType = sourcecode.c.h; name = EchofonProtocols.h; path = ../Common/EchofonProtocols.h; sourceTree = "<group>"; };
/* End PBXFileReference section */

/* Begin PBXFrameworksBuildPhase section */
		6C2E54F4154F5CE500F0B02C /* Frameworks */ = {
			isa = PBXFrameworksBuildPhase;
			buildActionMask = 2147483647;
			files = (
				6C2E54FB154F5CE500F0B02C /* Cocoa.framework in Frameworks */,
			);
			runOnlyForDeploymentPostprocessing = 0;
		};
/* End PBXFrameworksBuildPhase section */

/* Begin PBXGroup section */
		6C2E54EC154F5CE500F0B02C = {
			isa = PBXGroup;
			children = (
				6C2E5500154F5CE500F0B02C /* ExtendImageServiceForEchofon */,
				6C2E54F9154F5CE500F0B02C /* Frameworks */,
				6C2E54F8154F5CE500F0B02C /* Products */,
			);
			sourceTree = "<group>";
		};
		6C2E54F8154F5CE500F0B02C /* Products */ = {
			isa = PBXGroup;
			children = (
				6C2E54F7154F5CE500F0B02C /* ExtendImageServiceForEchofon.bundle */,
			);
			name = Products;
			sourceTree = "<group>";
		};
		6C2E54F9154F5CE500F0B02C /* Frameworks */ = {
			isa = PBXGroup;
			children = (
				6C2E54FA154F5CE500F0B02C /* Cocoa.framework */,
				6C2E54FC154F5CE500F0B02C /* Other Frameworks */,
			);
			name = Frameworks;
			sourceTree = "<group>";
		};
		6C2E54FC154F5CE500F0B02C /* Other Frameworks */ = {
			isa = PBXGroup;
			children = (
				6C2E54FD154F5CE500F0B02C /* AppKit.framework */,
				6C2E54FE154F5CE500F0B02C /* CoreData.framework */,
				6C2E54FF154F5CE500F0B02C /* Foundation.framework */,
			);
			name = "Other Frameworks";
			sourceTree = "<group>";
		};
		6C2E5500154F5CE500F0B02C /* ExtendImageServiceForEchofon */ = {
			isa = PBXGroup;
			children = (
				6C2E5521154F794B00F0B02C /* EchofonProtocols.h */,
				6C2E551B154F5D6800F0B02C /* ExtendImageServiceForEchofon.h */,
				6C2E551C154F5D6800F0B02C /* ExtendImageServiceForEchofon.m */,
				6C2E5501154F5CE500F0B02C /* Supporting Files */,
			);
			path = ExtendImageServiceForEchofon;
			sourceTree = "<group>";
		};
		6C2E5501154F5CE500F0B02C /* Supporting Files */ = {
			isa = PBXGroup;
			children = (
				6C2E5502154F5CE500F0B02C /* ExtendImageServiceForEchofon-Info.plist */,
				6C2E5503154F5CE500F0B02C /* InfoPlist.strings */,
				6C2E5506154F5CE500F0B02C /* ExtendImageServiceForEchofon-Prefix.pch */,
			);
			name = "Supporting Files";
			sourceTree = "<group>";
		};
/* End PBXGroup section */

/* Begin PBXNativeTarget section */
		6C2E54F6154F5CE500F0B02C /* ExtendImageServiceForEchofon */ = {
			isa = PBXNativeTarget;
			buildConfigurationList = 6C2E5509154F5CE500F0B02C /* Build configuration list for PBXNativeTarget "ExtendImageServiceForEchofon" */;
			buildPhases = (
				6C2E54F3154F5CE500F0B02C /* Sources */,
				6C2E54F4154F5CE500F0B02C /* Frameworks */,
				6C2E54F5154F5CE500F0B02C /* Resources */,
			);
			buildRules = (
			);
			dependencies = (
			);
			name = ExtendImageServiceForEchofon;
			productName = ExtendImageServiceForEchofon;
			productReference = 6C2E54F7154F5CE500F0B02C /* ExtendImageServiceForEchofon.bundle */;
			productType = "com.apple.product-type.bundle";
		};
/* End PBXNativeTarget section */

/* Begin PBXProject section */
		6C2E54EE154F5CE500F0B02C /* Project object */ = {
			isa = PBXProject;
			attributes = {
				LastUpgradeCheck = 0440;
			};
			buildConfigurationList = 6C2E54F1154F5CE500F0B02C /* Build configuration list for PBXProject "ExtendImageServiceForEchofon" */;
			compatibilityVersion = "Xcode 3.2";
			developmentRegion = English;
			hasScannedForEncodings = 0;
			knownRegions = (
				en,
			);
			mainGroup = 6C2E54EC154F5CE500F0B02C;
			productRefGroup = 6C2E54F8154F5CE500F0B02C /* Products */;
			projectDirPath = "";
			projectRoot = "";
			targets = (
				6C2E54F6154F5CE500F0B02C /* ExtendImageServiceForEchofon */,
			);
		};
/* End PBXProject section */

/* Begin PBXResourcesBuildPhase section */
		6C2E54F5154F5CE500F0B02C /* Resources */ = {
			isa = PBXResourcesBuildPhase;
			buildActionMask = 2147483647;
			files = (
				6C2E5505154F5CE500F0B02C /* InfoPlist.strings in Resources */,
			);
			runOnlyForDeploymentPostprocessing = 0;
		};
/* End PBXResourcesBuildPhase section */

/* Begin PBXSourcesBuildPhase section */
		6C2E54F3154F5CE500F0B02C /* Sources */ = {
			isa = PBXSourcesBuildPhase;
			buildActionMask = 2147483647;
			files = (
				6C2E551D154F5D6800F0B02C /* ExtendImageServiceForEchofon.m in Sources */,
			);
			runOnlyForDeploymentPostprocessing = 0;
		};
/* End PBXSourcesBuildPhase section */

/* Begin PBXVariantGroup section */
		6C2E5503154F5CE500F0B02C /* InfoPlist.strings */ = {
			isa = PBXVariantGroup;
			children = (
				6C2E5504154F5CE500F0B02C /* en */,
			);
			name = InfoPlist.strings;
			sourceTree = "<group>";
		};
/* End PBXVariantGroup section */

/* Begin XCBuildConfiguration section */
		6C2E5507154F5CE500F0B02C /* Debug */ = {
			isa = XCBuildConfiguration;
			buildSettings = {
				ALWAYS_SEARCH_USER_PATHS = NO;
				ARCHS = "$(ARCHS_STANDARD_64_BIT)";
				COPY_PHASE_STRIP = NO;
				GCC_C_LANGUAGE_STANDARD = gnu99;
				GCC_DYNAMIC_NO_PIC = NO;
				GCC_ENABLE_OBJC_EXCEPTIONS = YES;
				GCC_OPTIMIZATION_LEVEL = 0;
				GCC_PREPROCESSOR_DEFINITIONS = (
					"DEBUG=1",
					"$(inherited)",
				);
				GCC_SYMBOLS_PRIVATE_EXTERN = NO;
				GCC_VERSION = com.apple.compilers.llvm.clang.1_0;
				GCC_WARN_64_TO_32_BIT_CONVERSION = YES;
				GCC_WARN_ABOUT_RETURN_TYPE = YES;
				GCC_WARN_UNINITIALIZED_AUTOS = YES;
				GCC_WARN_UNUSED_VARIABLE = YES;
				MACOSX_DEPLOYMENT_TARGET = 10.6;
				ONLY_ACTIVE_ARCH = YES;
				SDKROOT = macosx;
			};
			name = Debug;
		};
		6C2E5508154F5CE500F0B02C /* Release */ = {
			isa = XCBuildConfiguration;
			buildSettings = {
				ALWAYS_SEARCH_USER_PATHS = NO;
				ARCHS = "$(ARCHS_STANDARD_64_BIT)";
				COPY_PHASE_STRIP = YES;
				DEBUG_INFORMATION_FORMAT = "dwarf-with-dsym";
				GCC_C_LANGUAGE_STANDARD = gnu99;
				GCC_ENABLE_OBJC_EXCEPTIONS = YES;
				GCC_VERSION = com.apple.compilers.llvm.clang.1_0;
				GCC_WARN_64_TO_32_BIT_CONVERSION = YES;
				GCC_WARN_ABOUT_RETURN_TYPE = YES;
				GCC_WARN_UNINITIALIZED_AUTOS = YES;
				GCC_WARN_UNUSED_VARIABLE = YES;
				MACOSX_DEPLOYMENT_TARGET = 10.6;
				SDKROOT = macosx;
			};
			name = Release;
		};
		6C2E550A154F5CE500F0B02C /* Debug */ = {
			isa = XCBuildConfiguration;
			buildSettings = {
				COMBINE_HIDPI_IMAGES = YES;
				GCC_PRECOMPILE_PREFIX_HEADER = YES;
				GCC_PREFIX_HEADER = "ExtendImageServiceForEchofon/ExtendImageServiceForEchofon-Prefix.pch";
				INFOPLIST_FILE = "ExtendImageServiceForEchofon/ExtendImageServiceForEchofon-Info.plist";
				INSTALL_PATH = "$(LOCAL_LIBRARY_DIR)/Bundles";
				PRODUCT_NAME = "$(TARGET_NAME)";
				WRAPPER_EXTENSION = bundle;
			};
			name = Debug;
		};
		6C2E550B154F5CE500F0B02C /* Release */ = {
			isa = XCBuildConfiguration;
			buildSettings = {
				COMBINE_HIDPI_IMAGES = YES;
				GCC_PRECOMPILE_PREFIX_HEADER = YES;
				GCC_PREFIX_HEADER = "ExtendImageServiceForEchofon/ExtendImageServiceForEchofon-Prefix.pch";
				INFOPLIST_FILE = "ExtendImageServiceForEchofon/ExtendImageServiceForEchofon-Info.plist";
				INSTALL_PATH = "$(LOCAL_LIBRARY_DIR)/Bundles";
				PRODUCT_NAME = "$(TARGET_NAME)";
				WRAPPER_EXTENSION = bundle;
			};
			name = Release;
		};
/* End XCBuildConfiguration section */

/* Begin XCConfigurationList section */
		6C2E54F1154F5CE500F0B02C /* Build configuration list for PBXProject "ExtendImageServiceForEchofon" */ = {
			isa = XCConfigurationList;
			buildConfigurations = (
				6C2E5507154F5CE500F0B02C /* Debug */,
				6C2E5508154F5CE500F0B02C /* Release */,
			);
			defaultConfigurationIsVisible = 0;
			defaultConfigurationName = Release;
		};
		6C2E5509154F5CE500F0B02C /* Build configuration list for PBXNativeTarget "ExtendImageServiceForEchofon" */ = {
			isa = XCConfigurationList;
			buildConfigurations = (
				6C2E550A154F5CE500F0B02C /* Debug */,
				6C2E550B154F5CE500F0B02C /* Release */,
			);
			defaultConfigurationIsVisible = 0;
			defaultConfigurationName = Release;
		};
/* End XCConfigurationList section */
	};
	rootObject = 6C2E54EE154F5CE500F0B02C /* Project object */;
}
