// !$*UTF8*$!
{
	archiveVersion = 1;
	classes = {
	};
	objectVersion = 46;
	objects = {

/* Begin PBXBuildFile section */
		6C514CE4157213FD00256D14 /* Cocoa.framework in Frameworks */ = {isa = PBXBuildFile; fileRef = 6C514CE3157213FD00256D14 /* Cocoa.framework */; };
		6C514CEE157213FD00256D14 /* InfoPlist.strings in Resources */ = {isa = PBXBuildFile; fileRef = 6C514CEC157213FD00256D14 /* InfoPlist.strings */; };
		6C514D001572148400256D14 /* DisableMarkAsReadCurrentTab.m in Sources */ = {isa = PBXBuildFile; fileRef = 6C514CFF1572148400256D14 /* DisableMarkAsReadCurrentTab.m */; };
/* End PBXBuildFile section */

/* Begin PBXFileReference section */
		6C514CE0157213FD00256D14 /* DisableMarkAsReadCurrentTab.bundle */ = {isa = PBXFileReference; explicitFileType = wrapper.cfbundle; includeInIndex = 0; path = DisableMarkAsReadCurrentTab.bundle; sourceTree = BUILT_PRODUCTS_DIR; };
		6C514CE3157213FD00256D14 /* Cocoa.framework */ = {isa = PBXFileReference; lastKnownFileType = wrapper.framework; name = Cocoa.framework; path = System/Library/Frameworks/Cocoa.framework; sourceTree = SDKROOT; };
		6C514CE6157213FD00256D14 /* AppKit.framework */ = {isa = PBXFileReference; lastKnownFileType = wrapper.framework; name = AppKit.framework; path = System/Library/Frameworks/AppKit.framework; sourceTree = SDKROOT; };
		6C514CE7157213FD00256D14 /* CoreData.framework */ = {isa = PBXFileReference; lastKnownFileType = wrapper.framework; name = CoreData.framework; path = System/Library/Frameworks/CoreData.framework; sourceTree = SDKROOT; };
		6C514CE8157213FD00256D14 /* Foundation.framework */ = {isa = PBXFileReference; lastKnownFileType = wrapper.framework; name = Foundation.framework; path = System/Library/Frameworks/Foundation.framework; sourceTree = SDKROOT; };
		6C514CEB157213FD00256D14 /* DisableMarkAsReadCurrentTab-Info.plist */ = {isa = PBXFileReference; lastKnownFileType = text.plist.xml; path = "DisableMarkAsReadCurrentTab-Info.plist"; sourceTree = "<group>"; };
		6C514CED157213FD00256D14 /* en */ = {isa = PBXFileReference; lastKnownFileType = text.plist.strings; name = en; path = en.lproj/InfoPlist.strings; sourceTree = "<group>"; };
		6C514CEF157213FE00256D14 /* DisableMarkAsReadCurrentTab-Prefix.pch */ = {isa = PBXFileReference; lastKnownFileType = sourcecode.c.h; path = "DisableMarkAsReadCurrentTab-Prefix.pch"; sourceTree = "<group>"; };
		6C514CFE1572148400256D14 /* DisableMarkAsReadCurrentTab.h */ = {isa = PBXFileReference; fileEncoding = 4; lastKnownFileType = sourcecode.c.h; path = DisableMarkAsReadCurrentTab.h; sourceTree = "<group>"; };
		6C514CFF1572148400256D14 /* DisableMarkAsReadCurrentTab.m */ = {isa = PBXFileReference; fileEncoding = 4; lastKnownFileType = sourcecode.c.objc; lineEnding = 0; path = DisableMarkAsReadCurrentTab.m; sourceTree = "<group>"; xcLanguageSpecificationIdentifier = xcode.lang.objc; };
		6CEDDA63157CC9A400E7FBE1 /* EchofonProtocols.h */ = {isa = PBXFileReference; fileEncoding = 4; lastKnownFileType = sourcecode.c.h; name = EchofonProtocols.h; path = ../Common/EchofonProtocols.h; sourceTree = "<group>"; };
/* End PBXFileReference section */

/* Begin PBXFrameworksBuildPhase section */
		6C514CDD157213FD00256D14 /* Frameworks */ = {
			isa = PBXFrameworksBuildPhase;
			buildActionMask = 2147483647;
			files = (
				6C514CE4157213FD00256D14 /* Cocoa.framework in Frameworks */,
			);
			runOnlyForDeploymentPostprocessing = 0;
		};
/* End PBXFrameworksBuildPhase section */

/* Begin PBXGroup section */
		6C514CD5157213FD00256D14 = {
			isa = PBXGroup;
			children = (
				6C514CE9157213FD00256D14 /* DisableMarkAsReadCurrentTab */,
				6C514CE2157213FD00256D14 /* Frameworks */,
				6C514CE1157213FD00256D14 /* Products */,
			);
			sourceTree = "<group>";
		};
		6C514CE1157213FD00256D14 /* Products */ = {
			isa = PBXGroup;
			children = (
				6C514CE0157213FD00256D14 /* DisableMarkAsReadCurrentTab.bundle */,
			);
			name = Products;
			sourceTree = "<group>";
		};
		6C514CE2157213FD00256D14 /* Frameworks */ = {
			isa = PBXGroup;
			children = (
				6C514CE3157213FD00256D14 /* Cocoa.framework */,
				6C514CE5157213FD00256D14 /* Other Frameworks */,
			);
			name = Frameworks;
			sourceTree = "<group>";
		};
		6C514CE5157213FD00256D14 /* Other Frameworks */ = {
			isa = PBXGroup;
			children = (
				6C514CE6157213FD00256D14 /* AppKit.framework */,
				6C514CE7157213FD00256D14 /* CoreData.framework */,
				6C514CE8157213FD00256D14 /* Foundation.framework */,
			);
			name = "Other Frameworks";
			sourceTree = "<group>";
		};
		6C514CE9157213FD00256D14 /* DisableMarkAsReadCurrentTab */ = {
			isa = PBXGroup;
			children = (
				6CEDDA63157CC9A400E7FBE1 /* EchofonProtocols.h */,
				6C514CFE1572148400256D14 /* DisableMarkAsReadCurrentTab.h */,
				6C514CFF1572148400256D14 /* DisableMarkAsReadCurrentTab.m */,
				6C514CEA157213FD00256D14 /* Supporting Files */,
			);
			path = DisableMarkAsReadCurrentTab;
			sourceTree = "<group>";
		};
		6C514CEA157213FD00256D14 /* Supporting Files */ = {
			isa = PBXGroup;
			children = (
				6C514CEB157213FD00256D14 /* DisableMarkAsReadCurrentTab-Info.plist */,
				6C514CEC157213FD00256D14 /* InfoPlist.strings */,
				6C514CEF157213FE00256D14 /* DisableMarkAsReadCurrentTab-Prefix.pch */,
			);
			name = "Supporting Files";
			sourceTree = "<group>";
		};
/* End PBXGroup section */

/* Begin PBXNativeTarget section */
		6C514CDF157213FD00256D14 /* DisableMarkAsReadCurrentTab */ = {
			isa = PBXNativeTarget;
			buildConfigurationList = 6C514CF2157213FE00256D14 /* Build configuration list for PBXNativeTarget "DisableMarkAsReadCurrentTab" */;
			buildPhases = (
				6C514CDC157213FD00256D14 /* Sources */,
				6C514CDD157213FD00256D14 /* Frameworks */,
				6C514CDE157213FD00256D14 /* Resources */,
			);
			buildRules = (
			);
			dependencies = (
			);
			name = DisableMarkAsReadCurrentTab;
			productName = DisableMarkAsReadCurrentTab;
			productReference = 6C514CE0157213FD00256D14 /* DisableMarkAsReadCurrentTab.bundle */;
			productType = "com.apple.product-type.bundle";
		};
/* End PBXNativeTarget section */

/* Begin PBXProject section */
		6C514CD7157213FD00256D14 /* Project object */ = {
			isa = PBXProject;
			attributes = {
				LastUpgradeCheck = 0430;
			};
			buildConfigurationList = 6C514CDA157213FD00256D14 /* Build configuration list for PBXProject "DisableMarkAsReadCurrentTab" */;
			compatibilityVersion = "Xcode 3.2";
			developmentRegion = English;
			hasScannedForEncodings = 0;
			knownRegions = (
				en,
			);
			mainGroup = 6C514CD5157213FD00256D14;
			productRefGroup = 6C514CE1157213FD00256D14 /* Products */;
			projectDirPath = "";
			projectRoot = "";
			targets = (
				6C514CDF157213FD00256D14 /* DisableMarkAsReadCurrentTab */,
			);
		};
/* End PBXProject section */

/* Begin PBXResourcesBuildPhase section */
		6C514CDE157213FD00256D14 /* Resources */ = {
			isa = PBXResourcesBuildPhase;
			buildActionMask = 2147483647;
			files = (
				6C514CEE157213FD00256D14 /* InfoPlist.strings in Resources */,
			);
			runOnlyForDeploymentPostprocessing = 0;
		};
/* End PBXResourcesBuildPhase section */

/* Begin PBXSourcesBuildPhase section */
		6C514CDC157213FD00256D14 /* Sources */ = {
			isa = PBXSourcesBuildPhase;
			buildActionMask = 2147483647;
			files = (
				6C514D001572148400256D14 /* DisableMarkAsReadCurrentTab.m in Sources */,
			);
			runOnlyForDeploymentPostprocessing = 0;
		};
/* End PBXSourcesBuildPhase section */

/* Begin PBXVariantGroup section */
		6C514CEC157213FD00256D14 /* InfoPlist.strings */ = {
			isa = PBXVariantGroup;
			children = (
				6C514CED157213FD00256D14 /* en */,
			);
			name = InfoPlist.strings;
			sourceTree = "<group>";
		};
/* End PBXVariantGroup section */

/* Begin XCBuildConfiguration section */
		6C514CF0157213FE00256D14 /* Debug */ = {
			isa = XCBuildConfiguration;
			buildSettings = {
				ALWAYS_SEARCH_USER_PATHS = NO;
				ARCHS = "$(ARCHS_STANDARD_64_BIT)";
				COMBINE_HIDPI_IMAGES = YES;
				COPY_PHASE_STRIP = NO;
				GCC_C_LANGUAGE_STANDARD = gnu99;
				GCC_DYNAMIC_NO_PIC = NO;
				GCC_ENABLE_OBJC_EXCEPTIONS = YES;
				GCC_OPTIMIZATION_LEVEL = 0;
				GCC_PREPROCESSOR_DEFINITIONS = (
					"DEBUG=1",
					"$(inherited)",
				);
				GCC_SYMBOLS_PRIVATE_EXTERN = NO;
				GCC_VERSION = com.apple.compilers.llvm.clang.1_0;
				GCC_WARN_64_TO_32_BIT_CONVERSION = YES;
				GCC_WARN_ABOUT_RETURN_TYPE = YES;
				GCC_WARN_UNINITIALIZED_AUTOS = YES;
				GCC_WARN_UNUSED_VARIABLE = YES;
				MACOSX_DEPLOYMENT_TARGET = 10.6;
				ONLY_ACTIVE_ARCH = YES;
				SDKROOT = macosx;
			};
			name = Debug;
		};
		6C514CF1157213FE00256D14 /* Release */ = {
			isa = XCBuildConfiguration;
			buildSettings = {
				ALWAYS_SEARCH_USER_PATHS = NO;
				ARCHS = "$(ARCHS_STANDARD_64_BIT)";
				COMBINE_HIDPI_IMAGES = YES;
				COPY_PHASE_STRIP = YES;
				DEBUG_INFORMATION_FORMAT = "dwarf-with-dsym";
				GCC_C_LANGUAGE_STANDARD = gnu99;
				GCC_ENABLE_OBJC_EXCEPTIONS = YES;
				GCC_VERSION = com.apple.compilers.llvm.clang.1_0;
				GCC_WARN_64_TO_32_BIT_CONVERSION = YES;
				GCC_WARN_ABOUT_RETURN_TYPE = YES;
				GCC_WARN_UNINITIALIZED_AUTOS = YES;
				GCC_WARN_UNUSED_VARIABLE = YES;
				MACOSX_DEPLOYMENT_TARGET = 10.6;
				SDKROOT = macosx;
			};
			name = Release;
		};
		6C514CF3157213FE00256D14 /* Debug */ = {
			isa = XCBuildConfiguration;
			buildSettings = {
				GCC_PRECOMPILE_PREFIX_HEADER = YES;
				GCC_PREFIX_HEADER = "DisableMarkAsReadCurrentTab/DisableMarkAsReadCurrentTab-Prefix.pch";
				INFOPLIST_FILE = "DisableMarkAsReadCurrentTab/DisableMarkAsReadCurrentTab-Info.plist";
				PRODUCT_NAME = "$(TARGET_NAME)";
				WRAPPER_EXTENSION = bundle;
			};
			name = Debug;
		};
		6C514CF4157213FE00256D14 /* Release */ = {
			isa = XCBuildConfiguration;
			buildSettings = {
				CODE_SIGN_IDENTITY = "Developer ID Application: Norio Nomura";
				GCC_PRECOMPILE_PREFIX_HEADER = YES;
				GCC_PREFIX_HEADER = "DisableMarkAsReadCurrentTab/DisableMarkAsReadCurrentTab-Prefix.pch";
				INFOPLIST_FILE = "DisableMarkAsReadCurrentTab/DisableMarkAsReadCurrentTab-Info.plist";
				PRODUCT_NAME = "$(TARGET_NAME)";
				PROVISIONING_PROFILE = "";
				WRAPPER_EXTENSION = bundle;
			};
			name = Release;
		};
/* End XCBuildConfiguration section */

/* Begin XCConfigurationList section */
		6C514CDA157213FD00256D14 /* Build configuration list for PBXProject "DisableMarkAsReadCurrentTab" */ = {
			isa = XCConfigurationList;
			buildConfigurations = (
				6C514CF0157213FE00256D14 /* Debug */,
				6C514CF1157213FE00256D14 /* Release */,
			);
			defaultConfigurationIsVisible = 0;
			defaultConfigurationName = Release;
		};
		6C514CF2157213FE00256D14 /* Build configuration list for PBXNativeTarget "DisableMarkAsReadCurrentTab" */ = {
			isa = XCConfigurationList;
			buildConfigurations = (
				6C514CF3157213FE00256D14 /* Debug */,
				6C514CF4157213FE00256D14 /* Release */,
			);
			defaultConfigurationIsVisible = 0;
			defaultConfigurationName = Release;
		};
/* End XCConfigurationList section */
	};
	rootObject = 6C514CD7157213FD00256D14 /* Project object */;
}
