// !$*UTF8*$!
{
	archiveVersion = 1;
	classes = {
	};
	objectVersion = 46;
	objects = {

/* Begin PBXBuildFile section */
		6CDE8F0F150068CE004D1734 /* Cocoa.framework in Frameworks */ = {isa = PBXBuildFile; fileRef = 6CDE8F0E150068CE004D1734 /* Cocoa.framework */; };
		6CDE8F19150068CE004D1734 /* InfoPlist.strings in Resources */ = {isa = PBXBuildFile; fileRef = 6CDE8F17150068CE004D1734 /* InfoPlist.strings */; };
		6CDE8F22150068F0004D1734 /* AbsoluteTimeStringForEchofon.m in Sources */ = {isa = PBXBuildFile; fileRef = 6CDE8F21150068F0004D1734 /* AbsoluteTimeStringForEchofon.m */; };
/* End PBXBuildFile section */

/* Begin PBXFileReference section */
		6CDE8F0B150068CE004D1734 /* AbsoluteTimeStringForEchofon.bundle */ = {isa = PBXFileReference; explicitFileType = wrapper.cfbundle; includeInIndex = 0; path = AbsoluteTimeStringForEchofon.bundle; sourceTree = BUILT_PRODUCTS_DIR; };
		6CDE8F0E150068CE004D1734 /* Cocoa.framework */ = {isa = PBXFileReference; lastKnownFileType = wrapper.framework; name = Cocoa.framework; path = System/Library/Frameworks/Cocoa.framework; sourceTree = SDKROOT; };
		6CDE8F11150068CE004D1734 /* AppKit.framework */ = {isa = PBXFileReference; lastKnownFileType = wrapper.framework; name = AppKit.framework; path = System/Library/Frameworks/AppKit.framework; sourceTree = SDKROOT; };
		6CDE8F12150068CE004D1734 /* CoreData.framework */ = {isa = PBXFileReference; lastKnownFileType = wrapper.framework; name = CoreData.framework; path = System/Library/Frameworks/CoreData.framework; sourceTree = SDKROOT; };
		6CDE8F13150068CE004D1734 /* Foundation.framework */ = {isa = PBXFileReference; lastKnownFileType = wrapper.framework; name = Foundation.framework; path = System/Library/Frameworks/Foundation.framework; sourceTree = SDKROOT; };
		6CDE8F16150068CE004D1734 /* AbsoluteTimeStringForEchofon-Info.plist */ = {isa = PBXFileReference; lastKnownFileType = text.plist.xml; path = "AbsoluteTimeStringForEchofon-Info.plist"; sourceTree = "<group>"; };
		6CDE8F18150068CE004D1734 /* en */ = {isa = PBXFileReference; lastKnownFileType = text.plist.strings; name = en; path = en.lproj/InfoPlist.strings; sourceTree = "<group>"; };
		6CDE8F1A150068CE004D1734 /* AbsoluteTimeStringForEchofon-Prefix.pch */ = {isa = PBXFileReference; lastKnownFileType = sourcecode.c.h; path = "AbsoluteTimeStringForEchofon-Prefix.pch"; sourceTree = "<group>"; };
		6CDE8F20150068F0004D1734 /* AbsoluteTimeStringForEchofon.h */ = {isa = PBXFileReference; fileEncoding = 4; lastKnownFileType = sourcecode.c.h; path = AbsoluteTimeStringForEchofon.h; sourceTree = "<group>"; };
		6CDE8F21150068F0004D1734 /* AbsoluteTimeStringForEchofon.m */ = {isa = PBXFileReference; fileEncoding = 4; lastKnownFileType = sourcecode.c.objc; path = AbsoluteTimeStringForEchofon.m; sourceTree = "<group>"; };
/* End PBXFileReference section */

/* Begin PBXFrameworksBuildPhase section */
		6CDE8F08150068CE004D1734 /* Frameworks */ = {
			isa = PBXFrameworksBuildPhase;
			buildActionMask = 2147483647;
			files = (
				6CDE8F0F150068CE004D1734 /* Cocoa.framework in Frameworks */,
			);
			runOnlyForDeploymentPostprocessing = 0;
		};
/* End PBXFrameworksBuildPhase section */

/* Begin PBXGroup section */
		6CDE8F00150068CE004D1734 = {
			isa = PBXGroup;
			children = (
				6CDE8F14150068CE004D1734 /* AbsoluteTimeStringForEchofon */,
				6CDE8F0D150068CE004D1734 /* Frameworks */,
				6CDE8F0C150068CE004D1734 /* Products */,
			);
			sourceTree = "<group>";
		};
		6CDE8F0C150068CE004D1734 /* Products */ = {
			isa = PBXGroup;
			children = (
				6CDE8F0B150068CE004D1734 /* AbsoluteTimeStringForEchofon.bundle */,
			);
			name = Products;
			sourceTree = "<group>";
		};
		6CDE8F0D150068CE004D1734 /* Frameworks */ = {
			isa = PBXGroup;
			children = (
				6CDE8F0E150068CE004D1734 /* Cocoa.framework */,
				6CDE8F10150068CE004D1734 /* Other Frameworks */,
			);
			name = Frameworks;
			sourceTree = "<group>";
		};
		6CDE8F10150068CE004D1734 /* Other Frameworks */ = {
			isa = PBXGroup;
			children = (
				6CDE8F11150068CE004D1734 /* AppKit.framework */,
				6CDE8F12150068CE004D1734 /* CoreData.framework */,
				6CDE8F13150068CE004D1734 /* Foundation.framework */,
			);
			name = "Other Frameworks";
			sourceTree = "<group>";
		};
		6CDE8F14150068CE004D1734 /* AbsoluteTimeStringForEchofon */ = {
			isa = PBXGroup;
			children = (
				6CDE8F20150068F0004D1734 /* AbsoluteTimeStringForEchofon.h */,
				6CDE8F21150068F0004D1734 /* AbsoluteTimeStringForEchofon.m */,
				6CDE8F15150068CE004D1734 /* Supporting Files */,
			);
			path = AbsoluteTimeStringForEchofon;
			sourceTree = "<group>";
		};
		6CDE8F15150068CE004D1734 /* Supporting Files */ = {
			isa = PBXGroup;
			children = (
				6CDE8F16150068CE004D1734 /* AbsoluteTimeStringForEchofon-Info.plist */,
				6CDE8F17150068CE004D1734 /* InfoPlist.strings */,
				6CDE8F1A150068CE004D1734 /* AbsoluteTimeStringForEchofon-Prefix.pch */,
			);
			name = "Supporting Files";
			sourceTree = "<group>";
		};
/* End PBXGroup section */

/* Begin PBXNativeTarget section */
		6CDE8F0A150068CE004D1734 /* AbsoluteTimeStringForEchofon */ = {
			isa = PBXNativeTarget;
			buildConfigurationList = 6CDE8F1D150068CE004D1734 /* Build configuration list for PBXNativeTarget "AbsoluteTimeStringForEchofon" */;
			buildPhases = (
				6CDE8F07150068CE004D1734 /* Sources */,
				6CDE8F08150068CE004D1734 /* Frameworks */,
				6CDE8F09150068CE004D1734 /* Resources */,
			);
			buildRules = (
			);
			dependencies = (
			);
			name = AbsoluteTimeStringForEchofon;
			productName = AbsoluteTimeStringForEchofon;
			productReference = 6CDE8F0B150068CE004D1734 /* AbsoluteTimeStringForEchofon.bundle */;
			productType = "com.apple.product-type.bundle";
		};
/* End PBXNativeTarget section */

/* Begin PBXProject section */
		6CDE8F02150068CE004D1734 /* Project object */ = {
			isa = PBXProject;
			attributes = {
				LastUpgradeCheck = 0430;
			};
			buildConfigurationList = 6CDE8F05150068CE004D1734 /* Build configuration list for PBXProject "AbsoluteTimeStringForEchofon" */;
			compatibilityVersion = "Xcode 3.2";
			developmentRegion = English;
			hasScannedForEncodings = 0;
			knownRegions = (
				en,
			);
			mainGroup = 6CDE8F00150068CE004D1734;
			productRefGroup = 6CDE8F0C150068CE004D1734 /* Products */;
			projectDirPath = "";
			projectRoot = "";
			targets = (
				6CDE8F0A150068CE004D1734 /* AbsoluteTimeStringForEchofon */,
			);
		};
/* End PBXProject section */

/* Begin PBXResourcesBuildPhase section */
		6CDE8F09150068CE004D1734 /* Resources */ = {
			isa = PBXResourcesBuildPhase;
			buildActionMask = 2147483647;
			files = (
				6CDE8F19150068CE004D1734 /* InfoPlist.strings in Resources */,
			);
			runOnlyForDeploymentPostprocessing = 0;
		};
/* End PBXResourcesBuildPhase section */

/* Begin PBXSourcesBuildPhase section */
		6CDE8F07150068CE004D1734 /* Sources */ = {
			isa = PBXSourcesBuildPhase;
			buildActionMask = 2147483647;
			files = (
				6CDE8F22150068F0004D1734 /* AbsoluteTimeStringForEchofon.m in Sources */,
			);
			runOnlyForDeploymentPostprocessing = 0;
		};
/* End PBXSourcesBuildPhase section */

/* Begin PBXVariantGroup section */
		6CDE8F17150068CE004D1734 /* InfoPlist.strings */ = {
			isa = PBXVariantGroup;
			children = (
				6CDE8F18150068CE004D1734 /* en */,
			);
			name = InfoPlist.strings;
			sourceTree = "<group>";
		};
/* End PBXVariantGroup section */

/* Begin XCBuildConfiguration section */
		6CDE8F1B150068CE004D1734 /* Debug */ = {
			isa = XCBuildConfiguration;
			buildSettings = {
				ALWAYS_SEARCH_USER_PATHS = NO;
				ARCHS = "$(ARCHS_STANDARD_64_BIT)";
				COPY_PHASE_STRIP = NO;
				GCC_C_LANGUAGE_STANDARD = gnu99;
				GCC_DYNAMIC_NO_PIC = NO;
				GCC_ENABLE_OBJC_EXCEPTIONS = YES;
				GCC_OPTIMIZATION_LEVEL = 0;
				GCC_PREPROCESSOR_DEFINITIONS = (
					"DEBUG=1",
					"$(inherited)",
				);
				GCC_SYMBOLS_PRIVATE_EXTERN = NO;
				GCC_VERSION = com.apple.compilers.llvm.clang.1_0;
				GCC_WARN_64_TO_32_BIT_CONVERSION = YES;
				GCC_WARN_ABOUT_RETURN_TYPE = YES;
				GCC_WARN_UNINITIALIZED_AUTOS = YES;
				GCC_WARN_UNUSED_VARIABLE = YES;
				MACOSX_DEPLOYMENT_TARGET = 10.7;
				ONLY_ACTIVE_ARCH = YES;
				SDKROOT = macosx;
			};
			name = Debug;
		};
		6CDE8F1C150068CE004D1734 /* Release */ = {
			isa = XCBuildConfiguration;
			buildSettings = {
				ALWAYS_SEARCH_USER_PATHS = NO;
				ARCHS = "$(ARCHS_STANDARD_64_BIT)";
				COPY_PHASE_STRIP = YES;
				DEBUG_INFORMATION_FORMAT = "dwarf-with-dsym";
				GCC_C_LANGUAGE_STANDARD = gnu99;
				GCC_ENABLE_OBJC_EXCEPTIONS = YES;
				GCC_VERSION = com.apple.compilers.llvm.clang.1_0;
				GCC_WARN_64_TO_32_BIT_CONVERSION = YES;
				GCC_WARN_ABOUT_RETURN_TYPE = YES;
				GCC_WARN_UNINITIALIZED_AUTOS = YES;
				GCC_WARN_UNUSED_VARIABLE = YES;
				MACOSX_DEPLOYMENT_TARGET = 10.7;
				SDKROOT = macosx;
			};
			name = Release;
		};
		6CDE8F1E150068CE004D1734 /* Debug */ = {
			isa = XCBuildConfiguration;
			buildSettings = {
				GCC_PRECOMPILE_PREFIX_HEADER = YES;
				GCC_PREFIX_HEADER = "AbsoluteTimeStringForEchofon/AbsoluteTimeStringForEchofon-Prefix.pch";
				INFOPLIST_FILE = "AbsoluteTimeStringForEchofon/AbsoluteTimeStringForEchofon-Info.plist";
				PRODUCT_NAME = "$(TARGET_NAME)";
				WRAPPER_EXTENSION = bundle;
			};
			name = Debug;
		};
		6CDE8F1F150068CE004D1734 /* Release */ = {
			isa = XCBuildConfiguration;
			buildSettings = {
				CODE_SIGN_IDENTITY = "Developer ID Application: Norio Nomura";
				GCC_PRECOMPILE_PREFIX_HEADER = YES;
				GCC_PREFIX_HEADER = "AbsoluteTimeStringForEchofon/AbsoluteTimeStringForEchofon-Prefix.pch";
				INFOPLIST_FILE = "AbsoluteTimeStringForEchofon/AbsoluteTimeStringForEchofon-Info.plist";
				PRODUCT_NAME = "$(TARGET_NAME)";
				PROVISIONING_PROFILE = "";
				WRAPPER_EXTENSION = bundle;
			};
			name = Release;
		};
/* End XCBuildConfiguration section */

/* Begin XCConfigurationList section */
		6CDE8F05150068CE004D1734 /* Build configuration list for PBXProject "AbsoluteTimeStringForEchofon" */ = {
			isa = XCConfigurationList;
			buildConfigurations = (
				6CDE8F1B150068CE004D1734 /* Debug */,
				6CDE8F1C150068CE004D1734 /* Release */,
			);
			defaultConfigurationIsVisible = 0;
			defaultConfigurationName = Release;
		};
		6CDE8F1D150068CE004D1734 /* Build configuration list for PBXNativeTarget "AbsoluteTimeStringForEchofon" */ = {
			isa = XCConfigurationList;
			buildConfigurations = (
				6CDE8F1E150068CE004D1734 /* Debug */,
				6CDE8F1F150068CE004D1734 /* Release */,
			);
			defaultConfigurationIsVisible = 0;
			defaultConfigurationName = Release;
		};
/* End XCConfigurationList section */
	};
	rootObject = 6CDE8F02150068CE004D1734 /* Project object */;
}
