// !$*UTF8*$!
{
	archiveVersion = 1;
	classes = {
	};
	objectVersion = 46;
	objects = {

/* Begin PBXBuildFile section */
		6C197A9D14FEFAAA00E1667A /* Cocoa.framework in Frameworks */ = {isa = PBXBuildFile; fileRef = 6C197A9C14FEFAAA00E1667A /* Cocoa.framework */; };
		6C197AA714FEFAAA00E1667A /* InfoPlist.strings in Resources */ = {isa = PBXBuildFile; fileRef = 6C197AA514FEFAAA00E1667A /* InfoPlist.strings */; };
		6C197AB014FEFB6E00E1667A /* MyTrendsForEchofon.m in Sources */ = {isa = PBXBuildFile; fileRef = 6C197AAF14FEFB6E00E1667A /* MyTrendsForEchofon.m */; };
		6C197AB514FF331400E1667A /* MyTrendsAccountSettings.m in Sources */ = {isa = PBXBuildFile; fileRef = 6C197AB414FF331400E1667A /* MyTrendsAccountSettings.m */; };
/* End PBXBuildFile section */

/* Begin PBXFileReference section */
		6C197A9914FEFAAA00E1667A /* MyTrendsForEchofon.bundle */ = {isa = PBXFileReference; explicitFileType = wrapper.cfbundle; includeInIndex = 0; path = MyTrendsForEchofon.bundle; sourceTree = BUILT_PRODUCTS_DIR; };
		6C197A9C14FEFAAA00E1667A /* Cocoa.framework */ = {isa = PBXFileReference; lastKnownFileType = wrapper.framework; name = Cocoa.framework; path = System/Library/Frameworks/Cocoa.framework; sourceTree = SDKROOT; };
		6C197A9F14FEFAAA00E1667A /* AppKit.framework */ = {isa = PBXFileReference; lastKnownFileType = wrapper.framework; name = AppKit.framework; path = System/Library/Frameworks/AppKit.framework; sourceTree = SDKROOT; };
		6C197AA014FEFAAA00E1667A /* CoreData.framework */ = {isa = PBXFileReference; lastKnownFileType = wrapper.framework; name = CoreData.framework; path = System/Library/Frameworks/CoreData.framework; sourceTree = SDKROOT; };
		6C197AA114FEFAAA00E1667A /* Foundation.framework */ = {isa = PBXFileReference; lastKnownFileType = wrapper.framework; name = Foundation.framework; path = System/Library/Frameworks/Foundation.framework; sourceTree = SDKROOT; };
		6C197AA414FEFAAA00E1667A /* MyTrendsForEchofon-Info.plist */ = {isa = PBXFileReference; lastKnownFileType = text.plist.xml; path = "MyTrendsForEchofon-Info.plist"; sourceTree = "<group>"; };
		6C197AA614FEFAAA00E1667A /* en */ = {isa = PBXFileReference; lastKnownFileType = text.plist.strings; name = en; path = en.lproj/InfoPlist.strings; sourceTree = "<group>"; };
		6C197AA814FEFAAA00E1667A /* MyTrendsForEchofon-Prefix.pch */ = {isa = PBXFileReference; lastKnownFileType = sourcecode.c.h; path = "MyTrendsForEchofon-Prefix.pch"; sourceTree = "<group>"; };
		6C197AAE14FEFB6E00E1667A /* MyTrendsForEchofon.h */ = {isa = PBXFileReference; fileEncoding = 4; lastKnownFileType = sourcecode.c.h; path = MyTrendsForEchofon.h; sourceTree = "<group>"; };
		6C197AAF14FEFB6E00E1667A /* MyTrendsForEchofon.m */ = {isa = PBXFileReference; fileEncoding = 4; lastKnownFileType = sourcecode.c.objc; path = MyTrendsForEchofon.m; sourceTree = "<group>"; };
		6C197AB214FEFEF700E1667A /* EchofonProtocols.h */ = {isa = PBXFileReference; fileEncoding = 4; lastKnownFileType = sourcecode.c.h; path = EchofonProtocols.h; sourceTree = "<group>"; };
		6C197AB314FF331400E1667A /* MyTrendsAccountSettings.h */ = {isa = PBXFileReference; fileEncoding = 4; lastKnownFileType = sourcecode.c.h; path = MyTrendsAccountSettings.h; sourceTree = "<group>"; };
		6C197AB414FF331400E1667A /* MyTrendsAccountSettings.m */ = {isa = PBXFileReference; fileEncoding = 4; lastKnownFileType = sourcecode.c.objc; path = MyTrendsAccountSettings.m; sourceTree = "<group>"; };
/* End PBXFileReference section */

/* Begin PBXFrameworksBuildPhase section */
		6C197A9614FEFAAA00E1667A /* Frameworks */ = {
			isa = PBXFrameworksBuildPhase;
			buildActionMask = 2147483647;
			files = (
				6C197A9D14FEFAAA00E1667A /* Cocoa.framework in Frameworks */,
			);
			runOnlyForDeploymentPostprocessing = 0;
		};
/* End PBXFrameworksBuildPhase section */

/* Begin PBXGroup section */
		6C197A8E14FEFAA900E1667A = {
			isa = PBXGroup;
			children = (
				6C197AA214FEFAAA00E1667A /* MyTrendsForEchofon */,
				6C197A9B14FEFAAA00E1667A /* Frameworks */,
				6C197A9A14FEFAAA00E1667A /* Products */,
			);
			sourceTree = "<group>";
		};
		6C197A9A14FEFAAA00E1667A /* Products */ = {
			isa = PBXGroup;
			children = (
				6C197A9914FEFAAA00E1667A /* MyTrendsForEchofon.bundle */,
			);
			name = Products;
			sourceTree = "<group>";
		};
		6C197A9B14FEFAAA00E1667A /* Frameworks */ = {
			isa = PBXGroup;
			children = (
				6C197A9C14FEFAAA00E1667A /* Cocoa.framework */,
				6C197A9E14FEFAAA00E1667A /* Other Frameworks */,
			);
			name = Frameworks;
			sourceTree = "<group>";
		};
		6C197A9E14FEFAAA00E1667A /* Other Frameworks */ = {
			isa = PBXGroup;
			children = (
				6C197A9F14FEFAAA00E1667A /* AppKit.framework */,
				6C197AA014FEFAAA00E1667A /* CoreData.framework */,
				6C197AA114FEFAAA00E1667A /* Foundation.framework */,
			);
			name = "Other Frameworks";
			sourceTree = "<group>";
		};
		6C197AA214FEFAAA00E1667A /* MyTrendsForEchofon */ = {
			isa = PBXGroup;
			children = (
				6C197AB214FEFEF700E1667A /* EchofonProtocols.h */,
				6C197AAE14FEFB6E00E1667A /* MyTrendsForEchofon.h */,
				6C197AAF14FEFB6E00E1667A /* MyTrendsForEchofon.m */,
				6C197AB314FF331400E1667A /* MyTrendsAccountSettings.h */,
				6C197AB414FF331400E1667A /* MyTrendsAccountSettings.m */,
				6C197AA314FEFAAA00E1667A /* Supporting Files */,
			);
			path = MyTrendsForEchofon;
			sourceTree = "<group>";
		};
		6C197AA314FEFAAA00E1667A /* Supporting Files */ = {
			isa = PBXGroup;
			children = (
				6C197AA414FEFAAA00E1667A /* MyTrendsForEchofon-Info.plist */,
				6C197AA514FEFAAA00E1667A /* InfoPlist.strings */,
				6C197AA814FEFAAA00E1667A /* MyTrendsForEchofon-Prefix.pch */,
			);
			name = "Supporting Files";
			sourceTree = "<group>";
		};
/* End PBXGroup section */

/* Begin PBXNativeTarget section */
		6C197A9814FEFAAA00E1667A /* MyTrendsForEchofon */ = {
			isa = PBXNativeTarget;
			buildConfigurationList = 6C197AAB14FEFAAA00E1667A /* Build configuration list for PBXNativeTarget "MyTrendsForEchofon" */;
			buildPhases = (
				6C197A9514FEFAAA00E1667A /* Sources */,
				6C197A9614FEFAAA00E1667A /* Frameworks */,
				6C197A9714FEFAAA00E1667A /* Resources */,
			);
			buildRules = (
			);
			dependencies = (
			);
			name = MyTrendsForEchofon;
			productName = MyTrendsForEchofon;
			productReference = 6C197A9914FEFAAA00E1667A /* MyTrendsForEchofon.bundle */;
			productType = "com.apple.product-type.bundle";
		};
/* End PBXNativeTarget section */

/* Begin PBXProject section */
		6C197A9014FEFAA900E1667A /* Project object */ = {
			isa = PBXProject;
			attributes = {
				LastUpgradeCheck = 0430;
			};
			buildConfigurationList = 6C197A9314FEFAA900E1667A /* Build configuration list for PBXProject "MyTrendsForEchofon" */;
			compatibilityVersion = "Xcode 3.2";
			developmentRegion = English;
			hasScannedForEncodings = 0;
			knownRegions = (
				en,
			);
			mainGroup = 6C197A8E14FEFAA900E1667A;
			productRefGroup = 6C197A9A14FEFAAA00E1667A /* Products */;
			projectDirPath = "";
			projectRoot = "";
			targets = (
				6C197A9814FEFAAA00E1667A /* MyTrendsForEchofon */,
			);
		};
/* End PBXProject section */

/* Begin PBXResourcesBuildPhase section */
		6C197A9714FEFAAA00E1667A /* Resources */ = {
			isa = PBXResourcesBuildPhase;
			buildActionMask = 2147483647;
			files = (
				6C197AA714FEFAAA00E1667A /* InfoPlist.strings in Resources */,
			);
			runOnlyForDeploymentPostprocessing = 0;
		};
/* End PBXResourcesBuildPhase section */

/* Begin PBXSourcesBuildPhase section */
		6C197A9514FEFAAA00E1667A /* Sources */ = {
			isa = PBXSourcesBuildPhase;
			buildActionMask = 2147483647;
			files = (
				6C197AB014FEFB6E00E1667A /* MyTrendsForEchofon.m in Sources */,
				6C197AB514FF331400E1667A /* MyTrendsAccountSettings.m in Sources */,
			);
			runOnlyForDeploymentPostprocessing = 0;
		};
/* End PBXSourcesBuildPhase section */

/* Begin PBXVariantGroup section */
		6C197AA514FEFAAA00E1667A /* InfoPlist.strings */ = {
			isa = PBXVariantGroup;
			children = (
				6C197AA614FEFAAA00E1667A /* en */,
			);
			name = InfoPlist.strings;
			sourceTree = "<group>";
		};
/* End PBXVariantGroup section */

/* Begin XCBuildConfiguration section */
		6C197AA914FEFAAA00E1667A /* Debug */ = {
			isa = XCBuildConfiguration;
			buildSettings = {
				ALWAYS_SEARCH_USER_PATHS = NO;
				ARCHS = "$(ARCHS_STANDARD_64_BIT)";
				COPY_PHASE_STRIP = NO;
				GCC_C_LANGUAGE_STANDARD = gnu99;
				GCC_DYNAMIC_NO_PIC = NO;
				GCC_ENABLE_OBJC_EXCEPTIONS = YES;
				GCC_OPTIMIZATION_LEVEL = 0;
				GCC_PREPROCESSOR_DEFINITIONS = (
					"DEBUG=1",
					"$(inherited)",
				);
				GCC_SYMBOLS_PRIVATE_EXTERN = NO;
				GCC_VERSION = com.apple.compilers.llvm.clang.1_0;
				GCC_WARN_64_TO_32_BIT_CONVERSION = YES;
				GCC_WARN_ABOUT_RETURN_TYPE = YES;
				GCC_WARN_UNINITIALIZED_AUTOS = YES;
				GCC_WARN_UNUSED_VARIABLE = YES;
				MACOSX_DEPLOYMENT_TARGET = 10.7;
				ONLY_ACTIVE_ARCH = YES;
				SDKROOT = macosx;
			};
			name = Debug;
		};
		6C197AAA14FEFAAA00E1667A /* Release */ = {
			isa = XCBuildConfiguration;
			buildSettings = {
				ALWAYS_SEARCH_USER_PATHS = NO;
				ARCHS = "$(ARCHS_STANDARD_64_BIT)";
				COPY_PHASE_STRIP = YES;
				DEBUG_INFORMATION_FORMAT = "dwarf-with-dsym";
				GCC_C_LANGUAGE_STANDARD = gnu99;
				GCC_ENABLE_OBJC_EXCEPTIONS = YES;
				GCC_VERSION = com.apple.compilers.llvm.clang.1_0;
				GCC_WARN_64_TO_32_BIT_CONVERSION = YES;
				GCC_WARN_ABOUT_RETURN_TYPE = YES;
				GCC_WARN_UNINITIALIZED_AUTOS = YES;
				GCC_WARN_UNUSED_VARIABLE = YES;
				MACOSX_DEPLOYMENT_TARGET = 10.7;
				SDKROOT = macosx;
			};
			name = Release;
		};
		6C197AAC14FEFAAA00E1667A /* Debug */ = {
			isa = XCBuildConfiguration;
			buildSettings = {
				GCC_PRECOMPILE_PREFIX_HEADER = YES;
				GCC_PREFIX_HEADER = "MyTrendsForEchofon/MyTrendsForEchofon-Prefix.pch";
				INFOPLIST_FILE = "MyTrendsForEchofon/MyTrendsForEchofon-Info.plist";
				PRODUCT_NAME = "$(TARGET_NAME)";
				WRAPPER_EXTENSION = bundle;
			};
			name = Debug;
		};
		6C197AAD14FEFAAA00E1667A /* Release */ = {
			isa = XCBuildConfiguration;
			buildSettings = {
				CODE_SIGN_IDENTITY = "Developer ID Application: Norio Nomura";
				GCC_PRECOMPILE_PREFIX_HEADER = YES;
				GCC_PREFIX_HEADER = "MyTrendsForEchofon/MyTrendsForEchofon-Prefix.pch";
				INFOPLIST_FILE = "MyTrendsForEchofon/MyTrendsForEchofon-Info.plist";
				PRODUCT_NAME = "$(TARGET_NAME)";
				PROVISIONING_PROFILE = "";
				WRAPPER_EXTENSION = bundle;
			};
			name = Release;
		};
/* End XCBuildConfiguration section */

/* Begin XCConfigurationList section */
		6C197A9314FEFAA900E1667A /* Build configuration list for PBXProject "MyTrendsForEchofon" */ = {
			isa = XCConfigurationList;
			buildConfigurations = (
				6C197AA914FEFAAA00E1667A /* Debug */,
				6C197AAA14FEFAAA00E1667A /* Release */,
			);
			defaultConfigurationIsVisible = 0;
			defaultConfigurationName = Release;
		};
		6C197AAB14FEFAAA00E1667A /* Build configuration list for PBXNativeTarget "MyTrendsForEchofon" */ = {
			isa = XCConfigurationList;
			buildConfigurations = (
				6C197AAC14FEFAAA00E1667A /* Debug */,
				6C197AAD14FEFAAA00E1667A /* Release */,
			);
			defaultConfigurationIsVisible = 0;
			defaultConfigurationName = Release;
		};
/* End XCConfigurationList section */
	};
	rootObject = 6C197A9014FEFAA900E1667A /* Project object */;
}
