// !$*UTF8*$!
{
	archiveVersion = 1;
	classes = {
	};
	objectVersion = 46;
	objects = {

/* Begin PBXAggregateTarget section */
		6C09B0E415366950004258BD /* SimblPluginsForEchofon */ = {
			isa = PBXAggregateTarget;
			buildConfigurationList = 6C09B0E515366950004258BD /* Build configuration list for PBXAggregateTarget "SimblPluginsForEchofon" */;
			buildPhases = (
				6C63B5301536DAC100BB56B9 /* ShellScript */,
			);
			dependencies = (
				6C09B0EB15366961004258BD /* PBXTargetDependency */,
				6C09B0E915366961004258BD /* PBXTargetDependency */,
				6C63B5251536CD2900BB56B9 /* PBXTargetDependency */,
				6C09B0ED15366961004258BD /* PBXTargetDependency */,
				6CE4B69B154E48B90007B344 /* PBXTargetDependency */,
				6C514D0815721C3200256D14 /* PBXTargetDependency */,
				6CAB60A71577712100106AD8 /* PBXTargetDependency */,
			);
			name = SimblPluginsForEchofon;
			productName = SimblPluginsForEchofon;
		};
/* End PBXAggregateTarget section */

/* Begin PBXContainerItemProxy section */
		6C09B0CF1536682F004258BD /* PBXContainerItemProxy */ = {
			isa = PBXContainerItemProxy;
			containerPortal = 6C09B0C81536682E004258BD /* TweetMarkerForEchofon.xcodeproj */;
			proxyType = 2;
			remoteGlobalIDString = 6C010FE514F76255004F01A6;
			remoteInfo = TweetMarkerForEchofon;
		};
		6C09B0D915366853004258BD /* PBXContainerItemProxy */ = {
			isa = PBXContainerItemProxy;
			containerPortal = 6C09B0D215366852004258BD /* MyTrendsForEchofon.xcodeproj */;
			proxyType = 2;
			remoteGlobalIDString = 6C197A9914FEFAAA00E1667A;
			remoteInfo = MyTrendsForEchofon;
		};
		6C09B0E21536685B004258BD /* PBXContainerItemProxy */ = {
			isa = PBXContainerItemProxy;
			containerPortal = 6C09B0DB1536685A004258BD /* AbsoluteTimeStringForEchofon.xcodeproj */;
			proxyType = 2;
			remoteGlobalIDString = 6CDE8F0B150068CE004D1734;
			remoteInfo = AbsoluteTimeStringForEchofon;
		};
		6C09B0E815366961004258BD /* PBXContainerItemProxy */ = {
			isa = PBXContainerItemProxy;
			containerPortal = 6C09B0D215366852004258BD /* MyTrendsForEchofon.xcodeproj */;
			proxyType = 1;
			remoteGlobalIDString = 6C197A9814FEFAAA00E1667A;
			remoteInfo = MyTrendsForEchofon;
		};
		6C09B0EA15366961004258BD /* PBXContainerItemProxy */ = {
			isa = PBXContainerItemProxy;
			containerPortal = 6C09B0C81536682E004258BD /* TweetMarkerForEchofon.xcodeproj */;
			proxyType = 1;
			remoteGlobalIDString = 6C010FE414F76255004F01A6;
			remoteInfo = TweetMarkerForEchofon;
		};
		6C09B0EC15366961004258BD /* PBXContainerItemProxy */ = {
			isa = PBXContainerItemProxy;
			containerPortal = 6C09B0DB1536685A004258BD /* AbsoluteTimeStringForEchofon.xcodeproj */;
			proxyType = 1;
			remoteGlobalIDString = 6CDE8F0A150068CE004D1734;
			remoteInfo = AbsoluteTimeStringForEchofon;
		};
		6C514CFC1572142C00256D14 /* PBXContainerItemProxy */ = {
			isa = PBXContainerItemProxy;
			containerPortal = 6C514CF51572142B00256D14 /* DisableMarkAsReadCurrentTab.xcodeproj */;
			proxyType = 2;
			remoteGlobalIDString = 6C514CE0157213FD00256D14;
			remoteInfo = DisableMarkAsReadCurrentTab;
		};
		6C514D0715721C3200256D14 /* PBXContainerItemProxy */ = {
			isa = PBXContainerItemProxy;
			containerPortal = 6C514CF51572142B00256D14 /* DisableMarkAsReadCurrentTab.xcodeproj */;
			proxyType = 1;
			remoteGlobalIDString = 6C514CDF157213FD00256D14;
			remoteInfo = DisableMarkAsReadCurrentTab;
		};
		6C63B51E1536CBAA00BB56B9 /* PBXContainerItemProxy */ = {
			isa = PBXContainerItemProxy;
			containerPortal = 6C63B5171536CBAA00BB56B9 /* ReadabilityForEchofon.xcodeproj */;
			proxyType = 2;
			remoteGlobalIDString = 6C63B4F91536CB0F00BB56B9;
			remoteInfo = ReadabilityForEchofon;
		};
		6C63B5241536CD2900BB56B9 /* PBXContainerItemProxy */ = {
			isa = PBXContainerItemProxy;
			containerPortal = 6C63B5171536CBAA00BB56B9 /* ReadabilityForEchofon.xcodeproj */;
			proxyType = 1;
			remoteGlobalIDString = 6C63B4F81536CB0F00BB56B9;
			remoteInfo = ReadabilityForEchofon;
		};
		6CAB60A61577712100106AD8 /* PBXContainerItemProxy */ = {
			isa = PBXContainerItemProxy;
			containerPortal = 6CD450DB15723E110025D29A /* ExtendImageServiceForEchofon.xcodeproj */;
			proxyType = 1;
			remoteGlobalIDString = 6C2E54F6154F5CE500F0B02C;
			remoteInfo = ExtendImageServiceForEchofon;
		};
		6CD450E215723E110025D29A /* PBXContainerItemProxy */ = {
			isa = PBXContainerItemProxy;
			containerPortal = 6CD450DB15723E110025D29A /* ExtendImageServiceForEchofon.xcodeproj */;
			proxyType = 2;
			remoteGlobalIDString = 6C2E54F7154F5CE500F0B02C;
			remoteInfo = ExtendImageServiceForEchofon;
		};
		6CE4B691154E42AE0007B344 /* PBXContainerItemProxy */ = {
			isa = PBXContainerItemProxy;
			containerPortal = 6CE4B68A154E42AE0007B344 /* RetweetWithCommentSetInReplyToForEchofon.xcodeproj */;
			proxyType = 2;
			remoteGlobalIDString = 6CE4B66F154E422F0007B344;
			remoteInfo = RetweetWithCommentSetInReplyToForEchofon;
		};
		6CE4B69A154E48B90007B344 /* PBXContainerItemProxy */ = {
			isa = PBXContainerItemProxy;
			containerPortal = 6CE4B68A154E42AE0007B344 /* RetweetWithCommentSetInReplyToForEchofon.xcodeproj */;
			proxyType = 1;
			remoteGlobalIDString = 6CE4B66E154E422F0007B344;
			remoteInfo = RetweetWithCommentSetInReplyToForEchofon;
		};
/* End PBXContainerItemProxy section */

/* Begin PBXFileReference section */
		6C09B0C81536682E004258BD /* TweetMarkerForEchofon.xcodeproj */ = {isa = PBXFileReference; lastKnownFileType = "wrapper.pb-project"; path = TweetMarkerForEchofon.xcodeproj; sourceTree = "<group>"; };
		6C09B0D215366852004258BD /* MyTrendsForEchofon.xcodeproj */ = {isa = PBXFileReference; lastKnownFileType = "wrapper.pb-project"; path = MyTrendsForEchofon.xcodeproj; sourceTree = "<group>"; };
		6C09B0DB1536685A004258BD /* AbsoluteTimeStringForEchofon.xcodeproj */ = {isa = PBXFileReference; lastKnownFileType = "wrapper.pb-project"; path = AbsoluteTimeStringForEchofon.xcodeproj; sourceTree = "<group>"; };
		6C514CF51572142B00256D14 /* DisableMarkAsReadCurrentTab.xcodeproj */ = {isa = PBXFileReference; lastKnownFileType = "wrapper.pb-project"; path = DisableMarkAsReadCurrentTab.xcodeproj; sourceTree = "<group>"; };
		6C63B5171536CBAA00BB56B9 /* ReadabilityForEchofon.xcodeproj */ = {isa = PBXFileReference; lastKnownFileType = "wrapper.pb-project"; path = ReadabilityForEchofon.xcodeproj; sourceTree = "<group>"; };
		6C63B52D1536D8C000BB56B9 /* EchofonProtocols.h */ = {isa = PBXFileReference; fileEncoding = 4; lastKnownFileType = sourcecode.c.h; path = EchofonProtocols.h; sourceTree = "<group>"; };
		6CD450DB15723E110025D29A /* ExtendImageServiceForEchofon.xcodeproj */ = {isa = PBXFileReference; lastKnownFileType = "wrapper.pb-project"; path = ExtendImageServiceForEchofon.xcodeproj; sourceTree = "<group>"; };
		6CE4B68A154E42AE0007B344 /* RetweetWithCommentSetInReplyToForEchofon.xcodeproj */ = {isa = PBXFileReference; lastKnownFileType = "wrapper.pb-project"; path = RetweetWithCommentSetInReplyToForEchofon.xcodeproj; sourceTree = "<group>"; };
/* End PBXFileReference section */

/* Begin PBXGroup section */
		6C09B0BC153667DB004258BD = {
			isa = PBXGroup;
			children = (
				6C63B52C1536D8C000BB56B9 /* Common */,
				6C09B0C81536682E004258BD /* TweetMarkerForEchofon.xcodeproj */,
				6C09B0D215366852004258BD /* MyTrendsForEchofon.xcodeproj */,
				6C63B5171536CBAA00BB56B9 /* ReadabilityForEchofon.xcodeproj */,
				6C09B0DB1536685A004258BD /* AbsoluteTimeStringForEchofon.xcodeproj */,
				6CE4B68A154E42AE0007B344 /* RetweetWithCommentSetInReplyToForEchofon.xcodeproj */,
				6C514CF51572142B00256D14 /* DisableMarkAsReadCurrentTab.xcodeproj */,
				6CD450DB15723E110025D29A /* ExtendImageServiceForEchofon.xcodeproj */,
			);
			sourceTree = "<group>";
		};
		6C09B0C91536682E004258BD /* Products */ = {
			isa = PBXGroup;
			children = (
				6C09B0D01536682F004258BD /* TweetMarkerForEchofon.bundle */,
			);
			name = Products;
			sourceTree = "<group>";
		};
		6C09B0D315366852004258BD /* Products */ = {
			isa = PBXGroup;
			children = (
				6C09B0DA15366853004258BD /* MyTrendsForEchofon.bundle */,
			);
			name = Products;
			sourceTree = "<group>";
		};
		6C09B0DC1536685A004258BD /* Products */ = {
			isa = PBXGroup;
			children = (
				6C09B0E31536685B004258BD /* AbsoluteTimeStringForEchofon.bundle */,
			);
			name = Products;
			sourceTree = "<group>";
		};
		6C514CF61572142B00256D14 /* Products */ = {
			isa = PBXGroup;
			children = (
				6C514CFD1572142C00256D14 /* DisableMarkAsReadCurrentTab.bundle */,
			);
			name = Products;
			sourceTree = "<group>";
		};
		6C63B5181536CBAA00BB56B9 /* Products */ = {
			isa = PBXGroup;
			children = (
				6C63B51F1536CBAA00BB56B9 /* ReadabilityForEchofon.bundle */,
			);
			name = Products;
			sourceTree = "<group>";
		};
		6C63B52C1536D8C000BB56B9 /* Common */ = {
			isa = PBXGroup;
			children = (
				6C63B52D1536D8C000BB56B9 /* EchofonProtocols.h */,
			);
			path = Common;
			sourceTree = "<group>";
			wrapsLines = 0;
		};
		6CD450DC15723E110025D29A /* Products */ = {
			isa = PBXGroup;
			children = (
				6CD450E315723E110025D29A /* ExtendImageServiceForEchofon.bundle */,
			);
			name = Products;
			sourceTree = "<group>";
		};
		6CE4B68B154E42AE0007B344 /* Products */ = {
			isa = PBXGroup;
			children = (
				6CE4B692154E42AE0007B344 /* RetweetWithCommentSetInReplyToForEchofon.bundle */,
			);
			name = Products;
			sourceTree = "<group>";
		};
/* End PBXGroup section */

/* Begin PBXProject section */
		6C09B0BE153667DB004258BD /* Project object */ = {
			isa = PBXProject;
			attributes = {
				LastUpgradeCheck = 0440;
			};
			buildConfigurationList = 6C09B0C1153667DB004258BD /* Build configuration list for PBXProject "SimblPluginsForEchofon" */;
			compatibilityVersion = "Xcode 3.2";
			developmentRegion = English;
			hasScannedForEncodings = 0;
			knownRegions = (
				en,
			);
			mainGroup = 6C09B0BC153667DB004258BD;
			projectDirPath = "";
			projectReferences = (
				{
					ProductGroup = 6C09B0DC1536685A004258BD /* Products */;
					ProjectRef = 6C09B0DB1536685A004258BD /* AbsoluteTimeStringForEchofon.xcodeproj */;
				},
				{
					ProductGroup = 6C514CF61572142B00256D14 /* Products */;
					ProjectRef = 6C514CF51572142B00256D14 /* DisableMarkAsReadCurrentTab.xcodeproj */;
				},
				{
					ProductGroup = 6CD450DC15723E110025D29A /* Products */;
					ProjectRef = 6CD450DB15723E110025D29A /* ExtendImageServiceForEchofon.xcodeproj */;
				},
				{
					ProductGroup = 6C09B0D315366852004258BD /* Products */;
					ProjectRef = 6C09B0D215366852004258BD /* MyTrendsForEchofon.xcodeproj */;
				},
				{
					ProductGroup = 6C63B5181536CBAA00BB56B9 /* Products */;
					ProjectRef = 6C63B5171536CBAA00BB56B9 /* ReadabilityForEchofon.xcodeproj */;
				},
				{
					ProductGroup = 6CE4B68B154E42AE0007B344 /* Products */;
					ProjectRef = 6CE4B68A154E42AE0007B344 /* RetweetWithCommentSetInReplyToForEchofon.xcodeproj */;
				},
				{
					ProductGroup = 6C09B0C91536682E004258BD /* Products */;
					ProjectRef = 6C09B0C81536682E004258BD /* TweetMarkerForEchofon.xcodeproj */;
				},
			);
			projectRoot = "";
			targets = (
				6C09B0E415366950004258BD /* SimblPluginsForEchofon */,
			);
		};
/* End PBXProject section */

/* Begin PBXReferenceProxy section */
		6C09B0D01536682F004258BD /* TweetMarkerForEchofon.bundle */ = {
			isa = PBXReferenceProxy;
			fileType = wrapper.cfbundle;
			path = TweetMarkerForEchofon.bundle;
			remoteRef = 6C09B0CF1536682F004258BD /* PBXContainerItemProxy */;
			sourceTree = BUILT_PRODUCTS_DIR;
		};
		6C09B0DA15366853004258BD /* MyTrendsForEchofon.bundle */ = {
			isa = PBXReferenceProxy;
			fileType = wrapper.cfbundle;
			path = MyTrendsForEchofon.bundle;
			remoteRef = 6C09B0D915366853004258BD /* PBXContainerItemProxy */;
			sourceTree = BUILT_PRODUCTS_DIR;
		};
		6C09B0E31536685B004258BD /* AbsoluteTimeStringForEchofon.bundle */ = {
			isa = PBXReferenceProxy;
			fileType = wrapper.cfbundle;
			path = AbsoluteTimeStringForEchofon.bundle;
			remoteRef = 6C09B0E21536685B004258BD /* PBXContainerItemProxy */;
			sourceTree = BUILT_PRODUCTS_DIR;
		};
		6C514CFD1572142C00256D14 /* DisableMarkAsReadCurrentTab.bundle */ = {
			isa = PBXReferenceProxy;
			fileType = wrapper.cfbundle;
			path = DisableMarkAsReadCurrentTab.bundle;
			remoteRef = 6C514CFC1572142C00256D14 /* PBXContainerItemProxy */;
			sourceTree = BUILT_PRODUCTS_DIR;
		};
		6C63B51F1536CBAA00BB56B9 /* ReadabilityForEchofon.bundle */ = {
			isa = PBXReferenceProxy;
			fileType = wrapper.cfbundle;
			path = ReadabilityForEchofon.bundle;
			remoteRef = 6C63B51E1536CBAA00BB56B9 /* PBXContainerItemProxy */;
			sourceTree = BUILT_PRODUCTS_DIR;
		};
		6CD450E315723E110025D29A /* ExtendImageServiceForEchofon.bundle */ = {
			isa = PBXReferenceProxy;
			fileType = wrapper.cfbundle;
			path = ExtendImageServiceForEchofon.bundle;
			remoteRef = 6CD450E215723E110025D29A /* PBXContainerItemProxy */;
			sourceTree = BUILT_PRODUCTS_DIR;
		};
		6CE4B692154E42AE0007B344 /* RetweetWithCommentSetInReplyToForEchofon.bundle */ = {
			isa = PBXReferenceProxy;
			fileType = wrapper.cfbundle;
			path = RetweetWithCommentSetInReplyToForEchofon.bundle;
			remoteRef = 6CE4B691154E42AE0007B344 /* PBXContainerItemProxy */;
			sourceTree = BUILT_PRODUCTS_DIR;
		};
/* End PBXReferenceProxy section */

/* Begin PBXShellScriptBuildPhase section */
		6C63B5301536DAC100BB56B9 /* ShellScript */ = {
			isa = PBXShellScriptBuildPhase;
			buildActionMask = 2147483647;
			files = (
			);
			inputPaths = (
			);
			outputPaths = (
			);
			runOnlyForDeploymentPostprocessing = 0;
			shellPath = /bin/sh;
			shellScript = "if [ \"${CONFIGURATION}\" = \"Release\" ]; then\n  cd ${TARGET_BUILD_DIR}\n  zip -r ${SRCROOT}/downloads/${PRODUCT_NAME}-${VERSION}.zip *.bundle\nfi";
			showEnvVarsInLog = 0;
		};
/* End PBXShellScriptBuildPhase section */

/* Begin PBXTargetDependency section */
		6C09B0E915366961004258BD /* PBXTargetDependency */ = {
			isa = PBXTargetDependency;
			name = MyTrendsForEchofon;
			targetProxy = 6C09B0E815366961004258BD /* PBXContainerItemProxy */;
		};
		6C09B0EB15366961004258BD /* PBXTargetDependency */ = {
			isa = PBXTargetDependency;
			name = TweetMarkerForEchofon;
			targetProxy = 6C09B0EA15366961004258BD /* PBXContainerItemProxy */;
		};
		6C09B0ED15366961004258BD /* PBXTargetDependency */ = {
			isa = PBXTargetDependency;
			name = AbsoluteTimeStringForEchofon;
			targetProxy = 6C09B0EC15366961004258BD /* PBXContainerItemProxy */;
		};
		6C514D0815721C3200256D14 /* PBXTargetDependency */ = {
			isa = PBXTargetDependency;
			name = DisableMarkAsReadCurrentTab;
			targetProxy = 6C514D0715721C3200256D14 /* PBXContainerItemProxy */;
		};
		6C63B5251536CD2900BB56B9 /* PBXTargetDependency */ = {
			isa = PBXTargetDependency;
			name = ReadabilityForEchofon;
			targetProxy = 6C63B5241536CD2900BB56B9 /* PBXContainerItemProxy */;
		};
		6CAB60A71577712100106AD8 /* PBXTargetDependency */ = {
			isa = PBXTargetDependency;
			name = ExtendImageServiceForEchofon;
			targetProxy = 6CAB60A61577712100106AD8 /* PBXContainerItemProxy */;
		};
		6CE4B69B154E48B90007B344 /* PBXTargetDependency */ = {
			isa = PBXTargetDependency;
			name = RetweetWithCommentSetInReplyToForEchofon;
			targetProxy = 6CE4B69A154E48B90007B344 /* PBXContainerItemProxy */;
		};
/* End PBXTargetDependency section */

/* Begin XCBuildConfiguration section */
		6C09B0C3153667DB004258BD /* Debug */ = {
			isa = XCBuildConfiguration;
			buildSettings = {
			};
			name = Debug;
		};
		6C09B0C4153667DB004258BD /* Release */ = {
			isa = XCBuildConfiguration;
			buildSettings = {
			};
			name = Release;
		};
		6C09B0E615366950004258BD /* Debug */ = {
			isa = XCBuildConfiguration;
			buildSettings = {
				COMBINE_HIDPI_IMAGES = YES;
				PRODUCT_NAME = "$(TARGET_NAME)";
				VERSION = 1.4;
			};
			name = Debug;
		};
		6C09B0E715366950004258BD /* Release */ = {
			isa = XCBuildConfiguration;
			buildSettings = {
				COMBINE_HIDPI_IMAGES = YES;
				PRODUCT_NAME = "$(TARGET_NAME)";
				VERSION = 1.4;
			};
			name = Release;
		};
/* End XCBuildConfiguration section */

/* Begin XCConfigurationList section */
		6C09B0C1153667DB004258BD /* Build configuration list for PBXProject "SimblPluginsForEchofon" */ = {
			isa = XCConfigurationList;
			buildConfigurations = (
				6C09B0C3153667DB004258BD /* Debug */,
				6C09B0C4153667DB004258BD /* Release */,
			);
			defaultConfigurationIsVisible = 0;
			defaultConfigurationName = Release;
		};
		6C09B0E515366950004258BD /* Build configuration list for PBXAggregateTarget "SimblPluginsForEchofon" */ = {
			isa = XCConfigurationList;
			buildConfigurations = (
				6C09B0E615366950004258BD /* Debug */,
				6C09B0E715366950004258BD /* Release */,
			);
			defaultConfigurationIsVisible = 0;
			defaultConfigurationName = Release;
		};
/* End XCConfigurationList section */
	};
	rootObject = 6C09B0BE153667DB004258BD /* Project object */;
}
