// !$*UTF8*$!
{
	archiveVersion = 1;
	classes = {
	};
	objectVersion = 46;
	objects = {

/* Begin PBXAggregateTarget section */
		6C09B0E415366950004258BD /* SimblPluginsForEchofon */ = {
			isa = PBXAggregateTarget;
			buildConfigurationList = 6C09B0E515366950004258BD /* Build configuration list for PBXAggregateTarget "SimblPluginsForEchofon" */;
			buildPhases = (
				6C63B5301536DAC100BB56B9 /* ShellScript */,
			);
			dependencies = (
				6CDF1B5615BA3EC30036FE6F /* PBXTargetDependency */,
				6CDF1B5815BA3EC30036FE6F /* PBXTargetDependency */,
				6CDF1B5A15BA3EC30036FE6F /* PBXTargetDependency */,
				6CDF1B5C15BA3EC30036FE6F /* PBXTargetDependency */,
				6CDF1B5E15BA3EC30036FE6F /* PBXTargetDependency */,
				6CDF1B6015BA3EC30036FE6F /* PBXTargetDependency */,
				6CDF1B6215BA3EC30036FE6F /* PBXTargetDependency */,
			);
			name = SimblPluginsForEchofon;
			productName = SimblPluginsForEchofon;
		};
/* End PBXAggregateTarget section */

/* Begin PBXBuildFile section */
		6CDF1A9915BA319B0036FE6F /* Cocoa.framework in Frameworks */ = {isa = PBXBuildFile; fileRef = 6CDF1A9815BA319B0036FE6F /* Cocoa.framework */; };
		6CDF1AA315BA319B0036FE6F /* InfoPlist.strings in Resources */ = {isa = PBXBuildFile; fileRef = 6CDF1AA115BA319B0036FE6F /* InfoPlist.strings */; };
		6CDF1ABB15BA33330036FE6F /* Cocoa.framework in Frameworks */ = {isa = PBXBuildFile; fileRef = 6CDF1A9815BA319B0036FE6F /* Cocoa.framework */; };
		6CDF1AC115BA33330036FE6F /* InfoPlist.strings in Resources */ = {isa = PBXBuildFile; fileRef = 6CDF1ABF15BA33330036FE6F /* InfoPlist.strings */; };
		6CDF1ACB15BA334B0036FE6F /* Cocoa.framework in Frameworks */ = {isa = PBXBuildFile; fileRef = 6CDF1A9815BA319B0036FE6F /* Cocoa.framework */; };
		6CDF1AD115BA334B0036FE6F /* InfoPlist.strings in Resources */ = {isa = PBXBuildFile; fileRef = 6CDF1ACF15BA334B0036FE6F /* InfoPlist.strings */; };
		6CDF1ADB15BA338F0036FE6F /* Cocoa.framework in Frameworks */ = {isa = PBXBuildFile; fileRef = 6CDF1A9815BA319B0036FE6F /* Cocoa.framework */; };
		6CDF1AE115BA338F0036FE6F /* InfoPlist.strings in Resources */ = {isa = PBXBuildFile; fileRef = 6CDF1ADF15BA338F0036FE6F /* InfoPlist.strings */; };
		6CDF1AEB15BA339E0036FE6F /* Cocoa.framework in Frameworks */ = {isa = PBXBuildFile; fileRef = 6CDF1A9815BA319B0036FE6F /* Cocoa.framework */; };
		6CDF1AF115BA339E0036FE6F /* InfoPlist.strings in Resources */ = {isa = PBXBuildFile; fileRef = 6CDF1AEF15BA339E0036FE6F /* InfoPlist.strings */; };
		6CDF1AFB15BA33B20036FE6F /* Cocoa.framework in Frameworks */ = {isa = PBXBuildFile; fileRef = 6CDF1A9815BA319B0036FE6F /* Cocoa.framework */; };
		6CDF1B0115BA33B20036FE6F /* InfoPlist.strings in Resources */ = {isa = PBXBuildFile; fileRef = 6CDF1AFF15BA33B20036FE6F /* InfoPlist.strings */; };
		6CDF1B0B15BA33C00036FE6F /* Cocoa.framework in Frameworks */ = {isa = PBXBuildFile; fileRef = 6CDF1A9815BA319B0036FE6F /* Cocoa.framework */; };
		6CDF1B1115BA33C00036FE6F /* InfoPlist.strings in Resources */ = {isa = PBXBuildFile; fileRef = 6CDF1B0F15BA33C00036FE6F /* InfoPlist.strings */; };
		6CDF1B1D15BA34340036FE6F /* TweetMarkerAPI_KEY.m in Sources */ = {isa = PBXBuildFile; fileRef = 6CDF1B1715BA34340036FE6F /* TweetMarkerAPI_KEY.m */; };
		6CDF1B1F15BA34340036FE6F /* TweetMarkerForEchofon.m in Sources */ = {isa = PBXBuildFile; fileRef = 6CDF1B1915BA34340036FE6F /* TweetMarkerForEchofon.m */; };
		6CDF1B2115BA34340036FE6F /* TweetMarkerClient.m in Sources */ = {isa = PBXBuildFile; fileRef = 6CDF1B1B15BA34340036FE6F /* TweetMarkerClient.m */; };
		6CDF1B2915BA34E20036FE6F /* MyTrendsForEchofon.m in Sources */ = {isa = PBXBuildFile; fileRef = 6CDF1B2515BA34E20036FE6F /* MyTrendsForEchofon.m */; };
		6CDF1B2B15BA34E20036FE6F /* MyTrendsAccountSettings.m in Sources */ = {isa = PBXBuildFile; fileRef = 6CDF1B2715BA34E20036FE6F /* MyTrendsAccountSettings.m */; };
		6CDF1B3315BA35010036FE6F /* ReadabilityAPI_KEY.m in Sources */ = {isa = PBXBuildFile; fileRef = 6CDF1B2D15BA35010036FE6F /* ReadabilityAPI_KEY.m */; };
		6CDF1B3515BA35010036FE6F /* ReadabilityForEchofon.m in Sources */ = {isa = PBXBuildFile; fileRef = 6CDF1B2F15BA35010036FE6F /* ReadabilityForEchofon.m */; };
		6CDF1B3715BA35010036FE6F /* ReadabilityClient.m in Sources */ = {isa = PBXBuildFile; fileRef = 6CDF1B3115BA35010036FE6F /* ReadabilityClient.m */; };
		6CDF1B3B15BA35160036FE6F /* AbsoluteTimeStringForEchofon.m in Sources */ = {isa = PBXBuildFile; fileRef = 6CDF1B3915BA35160036FE6F /* AbsoluteTimeStringForEchofon.m */; };
		6CDF1B3F15BA35290036FE6F /* RetweetWithCommentSetInReplyToForEchofon.m in Sources */ = {isa = PBXBuildFile; fileRef = 6CDF1B3D15BA35290036FE6F /* RetweetWithCommentSetInReplyToForEchofon.m */; };
		6CDF1B4315BA354E0036FE6F /* DisableMarkAsReadCurrentTab.m in Sources */ = {isa = PBXBuildFile; fileRef = 6CDF1B4115BA354E0036FE6F /* DisableMarkAsReadCurrentTab.m */; };
		6CDF1B4715BA356A0036FE6F /* ExtendImageServiceForEchofon.m in Sources */ = {isa = PBXBuildFile; fileRef = 6CDF1B4515BA356A0036FE6F /* ExtendImageServiceForEchofon.m */; };
		6CDF1B6415BA3F700036FE6F /* SystemConfiguration.framework in Frameworks */ = {isa = PBXBuildFile; fileRef = 6CDF1B6315BA3F700036FE6F /* SystemConfiguration.framework */; };
/* End PBXBuildFile section */

/* Begin PBXContainerItemProxy section */
		6CDF1B5515BA3EC30036FE6F /* PBXContainerItemProxy */ = {
			isa = PBXContainerItemProxy;
			containerPortal = 6C09B0BE153667DB004258BD /* Project object */;
			proxyType = 1;
			remoteGlobalIDString = 6CDF1A9415BA319B0036FE6F;
			remoteInfo = TweetMarkerForEchofon;
		};
		6CDF1B5715BA3EC30036FE6F /* PBXContainerItemProxy */ = {
			isa = PBXContainerItemProxy;
			containerPortal = 6C09B0BE153667DB004258BD /* Project object */;
			proxyType = 1;
			remoteGlobalIDString = 6CDF1AB915BA33330036FE6F;
			remoteInfo = MyTrendsForEchofon;
		};
		6CDF1B5915BA3EC30036FE6F /* PBXContainerItemProxy */ = {
			isa = PBXContainerItemProxy;
			containerPortal = 6C09B0BE153667DB004258BD /* Project object */;
			proxyType = 1;
			remoteGlobalIDString = 6CDF1AC915BA334B0036FE6F;
			remoteInfo = ReadabilityForEchofon;
		};
		6CDF1B5B15BA3EC30036FE6F /* PBXContainerItemProxy */ = {
			isa = PBXContainerItemProxy;
			containerPortal = 6C09B0BE153667DB004258BD /* Project object */;
			proxyType = 1;
			remoteGlobalIDString = 6CDF1AD915BA338F0036FE6F;
			remoteInfo = AbsoluteTimeStringForEchofon;
		};
		6CDF1B5D15BA3EC30036FE6F /* PBXContainerItemProxy */ = {
			isa = PBXContainerItemProxy;
			containerPortal = 6C09B0BE153667DB004258BD /* Project object */;
			proxyType = 1;
			remoteGlobalIDString = 6CDF1AE915BA339E0036FE6F;
			remoteInfo = RetweetWithCommentSetInReplyToForEchofon;
		};
		6CDF1B5F15BA3EC30036FE6F /* PBXContainerItemProxy */ = {
			isa = PBXContainerItemProxy;
			containerPortal = 6C09B0BE153667DB004258BD /* Project object */;
			proxyType = 1;
			remoteGlobalIDString = 6CDF1AF915BA33B20036FE6F;
			remoteInfo = DisableMarkAsReadCurrentTab;
		};
		6CDF1B6115BA3EC30036FE6F /* PBXContainerItemProxy */ = {
			isa = PBXContainerItemProxy;
			containerPortal = 6C09B0BE153667DB004258BD /* Project object */;
			proxyType = 1;
			remoteGlobalIDString = 6CDF1B0915BA33C00036FE6F;
			remoteInfo = ExtendImageServiceForEchofon;
		};
/* End PBXContainerItemProxy section */

/* Begin PBXFileReference section */
		6C63B52D1536D8C000BB56B9 /* EchofonProtocols.h */ = {isa = PBXFileReference; fileEncoding = 4; lastKnownFileType = sourcecode.c.h; path = EchofonProtocols.h; sourceTree = "<group>"; };
		6CDF1A9515BA319B0036FE6F /* TweetMarkerForEchofon.bundle */ = {isa = PBXFileReference; explicitFileType = wrapper.cfbundle; includeInIndex = 0; path = TweetMarkerForEchofon.bundle; sourceTree = BUILT_PRODUCTS_DIR; };
		6CDF1A9815BA319B0036FE6F /* Cocoa.framework */ = {isa = PBXFileReference; lastKnownFileType = wrapper.framework; name = Cocoa.framework; path = System/Library/Frameworks/Cocoa.framework; sourceTree = SDKROOT; };
		6CDF1A9B15BA319B0036FE6F /* AppKit.framework */ = {isa = PBXFileReference; lastKnownFileType = wrapper.framework; name = AppKit.framework; path = System/Library/Frameworks/AppKit.framework; sourceTree = SDKROOT; };
		6CDF1A9C15BA319B0036FE6F /* CoreData.framework */ = {isa = PBXFileReference; lastKnownFileType = wrapper.framework; name = CoreData.framework; path = System/Library/Frameworks/CoreData.framework; sourceTree = SDKROOT; };
		6CDF1A9D15BA319B0036FE6F /* Foundation.framework */ = {isa = PBXFileReference; lastKnownFileType = wrapper.framework; name = Foundation.framework; path = System/Library/Frameworks/Foundation.framework; sourceTree = SDKROOT; };
		6CDF1AA015BA319B0036FE6F /* TweetMarkerForEchofon-Info.plist */ = {isa = PBXFileReference; lastKnownFileType = text.plist.xml; path = "TweetMarkerForEchofon-Info.plist"; sourceTree = "<group>"; };
		6CDF1AA215BA319B0036FE6F /* en */ = {isa = PBXFileReference; lastKnownFileType = text.plist.strings; name = en; path = en.lproj/InfoPlist.strings; sourceTree = "<group>"; };
		6CDF1AB515BA32550036FE6F /* SimblPluginsForEchofon-Prefix.pch */ = {isa = PBXFileReference; lastKnownFileType = sourcecode.c.h; path = "SimblPluginsForEchofon-Prefix.pch"; sourceTree = "<group>"; };
		6CDF1ABA15BA33330036FE6F /* MyTrendsForEchofon.bundle */ = {isa = PBXFileReference; explicitFileType = wrapper.cfbundle; includeInIndex = 0; path = MyTrendsForEchofon.bundle; sourceTree = BUILT_PRODUCTS_DIR; };
		6CDF1ABE15BA33330036FE6F /* MyTrendsForEchofon-Info.plist */ = {isa = PBXFileReference; lastKnownFileType = text.plist.xml; path = "MyTrendsForEchofon-Info.plist"; sourceTree = "<group>"; };
		6CDF1AC015BA33330036FE6F /* en */ = {isa = PBXFileReference; lastKnownFileType = text.plist.strings; name = en; path = en.lproj/InfoPlist.strings; sourceTree = "<group>"; };
		6CDF1ACA15BA334B0036FE6F /* ReadabilityForEchofon.bundle */ = {isa = PBXFileReference; explicitFileType = wrapper.cfbundle; includeInIndex = 0; path = ReadabilityForEchofon.bundle; sourceTree = BUILT_PRODUCTS_DIR; };
		6CDF1ACE15BA334B0036FE6F /* ReadabilityForEchofon-Info.plist */ = {isa = PBXFileReference; lastKnownFileType = text.plist.xml; path = "ReadabilityForEchofon-Info.plist"; sourceTree = "<group>"; };
		6CDF1AD015BA334B0036FE6F /* en */ = {isa = PBXFileReference; lastKnownFileType = text.plist.strings; name = en; path = en.lproj/InfoPlist.strings; sourceTree = "<group>"; };
		6CDF1ADA15BA338F0036FE6F /* AbsoluteTimeStringForEchofon.bundle */ = {isa = PBXFileReference; explicitFileType = wrapper.cfbundle; includeInIndex = 0; path = AbsoluteTimeStringForEchofon.bundle; sourceTree = BUILT_PRODUCTS_DIR; };
		6CDF1ADE15BA338F0036FE6F /* AbsoluteTimeStringForEchofon-Info.plist */ = {isa = PBXFileReference; lastKnownFileType = text.plist.xml; path = "AbsoluteTimeStringForEchofon-Info.plist"; sourceTree = "<group>"; };
		6CDF1AE015BA338F0036FE6F /* en */ = {isa = PBXFileReference; lastKnownFileType = text.plist.strings; name = en; path = en.lproj/InfoPlist.strings; sourceTree = "<group>"; };
		6CDF1AEA15BA339E0036FE6F /* RetweetWithCommentSetInReplyToForEchofon.bundle */ = {isa = PBXFileReference; explicitFileType = wrapper.cfbundle; includeInIndex = 0; path = RetweetWithCommentSetInReplyToForEchofon.bundle; sourceTree = BUILT_PRODUCTS_DIR; };
		6CDF1AEE15BA339E0036FE6F /* RetweetWithCommentSetInReplyToForEchofon-Info.plist */ = {isa = PBXFileReference; lastKnownFileType = text.plist.xml; path = "RetweetWithCommentSetInReplyToForEchofon-Info.plist"; sourceTree = "<group>"; };
		6CDF1AF015BA339E0036FE6F /* en */ = {isa = PBXFileReference; lastKnownFileType = text.plist.strings; name = en; path = en.lproj/InfoPlist.strings; sourceTree = "<group>"; };
		6CDF1AFA15BA33B20036FE6F /* DisableMarkAsReadCurrentTab.bundle */ = {isa = PBXFileReference; explicitFileType = wrapper.cfbundle; includeInIndex = 0; path = DisableMarkAsReadCurrentTab.bundle; sourceTree = BUILT_PRODUCTS_DIR; };
		6CDF1AFE15BA33B20036FE6F /* DisableMarkAsReadCurrentTab-Info.plist */ = {isa = PBXFileReference; lastKnownFileType = text.plist.xml; path = "DisableMarkAsReadCurrentTab-Info.plist"; sourceTree = "<group>"; };
		6CDF1B0015BA33B20036FE6F /* en */ = {isa = PBXFileReference; lastKnownFileType = text.plist.strings; name = en; path = en.lproj/InfoPlist.strings; sourceTree = "<group>"; };
		6CDF1B0A15BA33C00036FE6F /* ExtendImageServiceForEchofon.bundle */ = {isa = PBXFileReference; explicitFileType = wrapper.cfbundle; includeInIndex = 0; path = ExtendImageServiceForEchofon.bundle; sourceTree = BUILT_PRODUCTS_DIR; };
		6CDF1B0E15BA33C00036FE6F /* ExtendImageServiceForEchofon-Info.plist */ = {isa = PBXFileReference; lastKnownFileType = text.plist.xml; path = "ExtendImageServiceForEchofon-Info.plist"; sourceTree = "<group>"; };
		6CDF1B1015BA33C00036FE6F /* en */ = {isa = PBXFileReference; lastKnownFileType = text.plist.strings; name = en; path = en.lproj/InfoPlist.strings; sourceTree = "<group>"; };
		6CDF1B1615BA34340036FE6F /* TweetMarkerAPI_KEY.h */ = {isa = PBXFileReference; lastKnownFileType = sourcecode.c.h; path = TweetMarkerAPI_KEY.h; sourceTree = "<group>"; };
		6CDF1B1715BA34340036FE6F /* TweetMarkerAPI_KEY.m */ = {isa = PBXFileReference; fileEncoding = 4; lastKnownFileType = sourcecode.c.objc; path = TweetMarkerAPI_KEY.m; sourceTree = "<group>"; };
		6CDF1B1815BA34340036FE6F /* TweetMarkerForEchofon.h */ = {isa = PBXFileReference; fileEncoding = 4; lastKnownFileType = sourcecode.c.h; path = TweetMarkerForEchofon.h; sourceTree = "<group>"; };
		6CDF1B1915BA34340036FE6F /* TweetMarkerForEchofon.m */ = {isa = PBXFileReference; fileEncoding = 4; lastKnownFileType = sourcecode.c.objc; path = TweetMarkerForEchofon.m; sourceTree = "<group>"; };
		6CDF1B1A15BA34340036FE6F /* TweetMarkerClient.h */ = {isa = PBXFileReference; fileEncoding = 4; lastKnownFileType = sourcecode.c.h; path = TweetMarkerClient.h; sourceTree = "<group>"; };
		6CDF1B1B15BA34340036FE6F /* TweetMarkerClient.m */ = {isa = PBXFileReference; fileEncoding = 4; lastKnownFileType = sourcecode.c.objc; path = TweetMarkerClient.m; sourceTree = "<group>"; };
		6CDF1B2415BA34E20036FE6F /* MyTrendsForEchofon.h */ = {isa = PBXFileReference; fileEncoding = 4; lastKnownFileType = sourcecode.c.h; path = MyTrendsForEchofon.h; sourceTree = "<group>"; };
		6CDF1B2515BA34E20036FE6F /* MyTrendsForEchofon.m */ = {isa = PBXFileReference; fileEncoding = 4; lastKnownFileType = sourcecode.c.objc; path = MyTrendsForEchofon.m; sourceTree = "<group>"; };
		6CDF1B2615BA34E20036FE6F /* MyTrendsAccountSettings.h */ = {isa = PBXFileReference; fileEncoding = 4; lastKnownFileType = sourcecode.c.h; path = MyTrendsAccountSettings.h; sourceTree = "<group>"; };
		6CDF1B2715BA34E20036FE6F /* MyTrendsAccountSettings.m */ = {isa = PBXFileReference; fileEncoding = 4; lastKnownFileType = sourcecode.c.objc; path = MyTrendsAccountSettings.m; sourceTree = "<group>"; };
		6CDF1B2C15BA35010036FE6F /* ReadabilityAPI_KEY.h */ = {isa = PBXFileReference; fileEncoding = 4; lastKnownFileType = sourcecode.c.h; lineEnding = 0; path = ReadabilityAPI_KEY.h; sourceTree = "<group>"; };
		6CDF1B2D15BA35010036FE6F /* ReadabilityAPI_KEY.m */ = {isa = PBXFileReference; fileEncoding = 4; lastKnownFileType = sourcecode.c.objc; path = ReadabilityAPI_KEY.m; sourceTree = "<group>"; };
		6CDF1B2E15BA35010036FE6F /* ReadabilityForEchofon.h */ = {isa = PBXFileReference; fileEncoding = 4; lastKnownFileType = sourcecode.c.h; path = ReadabilityForEchofon.h; sourceTree = "<group>"; };
		6CDF1B2F15BA35010036FE6F /* ReadabilityForEchofon.m */ = {isa = PBXFileReference; fileEncoding = 4; lastKnownFileType = sourcecode.c.objc; path = ReadabilityForEchofon.m; sourceTree = "<group>"; };
		6CDF1B3015BA35010036FE6F /* ReadabilityClient.h */ = {isa = PBXFileReference; fileEncoding = 4; lastKnownFileType = sourcecode.c.h; path = ReadabilityClient.h; sourceTree = "<group>"; };
		6CDF1B3115BA35010036FE6F /* ReadabilityClient.m */ = {isa = PBXFileReference; fileEncoding = 4; lastKnownFileType = sourcecode.c.objc; lineEnding = 0; path = ReadabilityClient.m; sourceTree = "<group>"; };
		6CDF1B3815BA35160036FE6F /* AbsoluteTimeStringForEchofon.h */ = {isa = PBXFileReference; fileEncoding = 4; lastKnownFileType = sourcecode.c.h; path = AbsoluteTimeStringForEchofon.h; sourceTree = "<group>"; };
		6CDF1B3915BA35160036FE6F /* AbsoluteTimeStringForEchofon.m */ = {isa = PBXFileReference; fileEncoding = 4; lastKnownFileType = sourcecode.c.objc; path = AbsoluteTimeStringForEchofon.m; sourceTree = "<group>"; };
		6CDF1B3C15BA35290036FE6F /* RetweetWithCommentSetInReplyToForEchofon.h */ = {isa = PBXFileReference; fileEncoding = 4; lastKnownFileType = sourcecode.c.h; path = RetweetWithCommentSetInReplyToForEchofon.h; sourceTree = "<group>"; };
		6CDF1B3D15BA35290036FE6F /* RetweetWithCommentSetInReplyToForEchofon.m */ = {isa = PBXFileReference; fileEncoding = 4; lastKnownFileType = sourcecode.c.objc; path = RetweetWithCommentSetInReplyToForEchofon.m; sourceTree = "<group>"; };
		6CDF1B4015BA354E0036FE6F /* DisableMarkAsReadCurrentTab.h */ = {isa = PBXFileReference; fileEncoding = 4; lastKnownFileType = sourcecode.c.h; path = DisableMarkAsReadCurrentTab.h; sourceTree = "<group>"; };
		6CDF1B4115BA354E0036FE6F /* DisableMarkAsReadCurrentTab.m */ = {isa = PBXFileReference; fileEncoding = 4; lastKnownFileType = sourcecode.c.objc; lineEnding = 0; path = DisableMarkAsReadCurrentTab.m; sourceTree = "<group>"; };
		6CDF1B4415BA356A0036FE6F /* ExtendImageServiceForEchofon.h */ = {isa = PBXFileReference; fileEncoding = 4; lastKnownFileType = sourcecode.c.h; path = ExtendImageServiceForEchofon.h; sourceTree = "<group>"; };
		6CDF1B4515BA356A0036FE6F /* ExtendImageServiceForEchofon.m */ = {isa = PBXFileReference; fileEncoding = 4; lastKnownFileType = sourcecode.c.objc; path = ExtendImageServiceForEchofon.m; sourceTree = "<group>"; };
		6CDF1B6315BA3F700036FE6F /* SystemConfiguration.framework */ = {isa = PBXFileReference; lastKnownFileType = wrapper.framework; name = SystemConfiguration.framework; path = System/Library/Frameworks/SystemConfiguration.framework; sourceTree = SDKROOT; };
/* End PBXFileReference section */

/* Begin PBXFrameworksBuildPhase section */
		6CDF1A9215BA319B0036FE6F /* Frameworks */ = {
			isa = PBXFrameworksBuildPhase;
			buildActionMask = 2147483647;
			files = (
				6CDF1A9915BA319B0036FE6F /* Cocoa.framework in Frameworks */,
				6CDF1B6415BA3F700036FE6F /* SystemConfiguration.framework in Frameworks */,
			);
			runOnlyForDeploymentPostprocessing = 0;
		};
		6CDF1AB715BA33330036FE6F /* Frameworks */ = {
			isa = PBXFrameworksBuildPhase;
			buildActionMask = 2147483647;
			files = (
				6CDF1ABB15BA33330036FE6F /* Cocoa.framework in Frameworks */,
			);
			runOnlyForDeploymentPostprocessing = 0;
		};
		6CDF1AC715BA334B0036FE6F /* Frameworks */ = {
			isa = PBXFrameworksBuildPhase;
			buildActionMask = 2147483647;
			files = (
				6CDF1ACB15BA334B0036FE6F /* Cocoa.framework in Frameworks */,
			);
			runOnlyForDeploymentPostprocessing = 0;
		};
		6CDF1AD715BA338F0036FE6F /* Frameworks */ = {
			isa = PBXFrameworksBuildPhase;
			buildActionMask = 2147483647;
			files = (
				6CDF1ADB15BA338F0036FE6F /* Cocoa.framework in Frameworks */,
			);
			runOnlyForDeploymentPostprocessing = 0;
		};
		6CDF1AE715BA339E0036FE6F /* Frameworks */ = {
			isa = PBXFrameworksBuildPhase;
			buildActionMask = 2147483647;
			files = (
				6CDF1AEB15BA339E0036FE6F /* Cocoa.framework in Frameworks */,
			);
			runOnlyForDeploymentPostprocessing = 0;
		};
		6CDF1AF715BA33B20036FE6F /* Frameworks */ = {
			isa = PBXFrameworksBuildPhase;
			buildActionMask = 2147483647;
			files = (
				6CDF1AFB15BA33B20036FE6F /* Cocoa.framework in Frameworks */,
			);
			runOnlyForDeploymentPostprocessing = 0;
		};
		6CDF1B0715BA33C00036FE6F /* Frameworks */ = {
			isa = PBXFrameworksBuildPhase;
			buildActionMask = 2147483647;
			files = (
				6CDF1B0B15BA33C00036FE6F /* Cocoa.framework in Frameworks */,
			);
			runOnlyForDeploymentPostprocessing = 0;
		};
/* End PBXFrameworksBuildPhase section */

/* Begin PBXGroup section */
		6C09B0BC153667DB004258BD = {
			isa = PBXGroup;
			children = (
				6C63B52C1536D8C000BB56B9 /* Common */,
				6CDF1A9E15BA319B0036FE6F /* TweetMarkerForEchofon */,
				6CDF1ABC15BA33330036FE6F /* MyTrendsForEchofon */,
				6CDF1ACC15BA334B0036FE6F /* ReadabilityForEchofon */,
				6CDF1ADC15BA338F0036FE6F /* AbsoluteTimeStringForEchofon */,
				6CDF1AEC15BA339E0036FE6F /* RetweetWithCommentSetInReplyToForEchofon */,
				6CDF1AFC15BA33B20036FE6F /* DisableMarkAsReadCurrentTab */,
				6CDF1B0C15BA33C00036FE6F /* ExtendImageServiceForEchofon */,
				6CDF1A9715BA319B0036FE6F /* Frameworks */,
				6CDF1A9615BA319B0036FE6F /* Products */,
			);
			sourceTree = "<group>";
		};
		6C63B52C1536D8C000BB56B9 /* Common */ = {
			isa = PBXGroup;
			children = (
				6C63B52D1536D8C000BB56B9 /* EchofonProtocols.h */,
				6CDF1AB515BA32550036FE6F /* SimblPluginsForEchofon-Prefix.pch */,
			);
			path = Common;
			sourceTree = "<group>";
			wrapsLines = 0;
		};
		6CDF1A9615BA319B0036FE6F /* Products */ = {
			isa = PBXGroup;
			children = (
				6CDF1A9515BA319B0036FE6F /* TweetMarkerForEchofon.bundle */,
				6CDF1ABA15BA33330036FE6F /* MyTrendsForEchofon.bundle */,
				6CDF1ACA15BA334B0036FE6F /* ReadabilityForEchofon.bundle */,
				6CDF1ADA15BA338F0036FE6F /* AbsoluteTimeStringForEchofon.bundle */,
				6CDF1AEA15BA339E0036FE6F /* RetweetWithCommentSetInReplyToForEchofon.bundle */,
				6CDF1AFA15BA33B20036FE6F /* DisableMarkAsReadCurrentTab.bundle */,
				6CDF1B0A15BA33C00036FE6F /* ExtendImageServiceForEchofon.bundle */,
			);
			name = Products;
			sourceTree = "<group>";
		};
		6CDF1A9715BA319B0036FE6F /* Frameworks */ = {
			isa = PBXGroup;
			children = (
				6CDF1A9815BA319B0036FE6F /* Cocoa.framework */,
				6CDF1B6315BA3F700036FE6F /* SystemConfiguration.framework */,
				6CDF1A9A15BA319B0036FE6F /* Other Frameworks */,
			);
			name = Frameworks;
			sourceTree = "<group>";
		};
		6CDF1A9A15BA319B0036FE6F /* Other Frameworks */ = {
			isa = PBXGroup;
			children = (
				6CDF1A9B15BA319B0036FE6F /* AppKit.framework */,
				6CDF1A9C15BA319B0036FE6F /* CoreData.framework */,
				6CDF1A9D15BA319B0036FE6F /* Foundation.framework */,
			);
			name = "Other Frameworks";
			sourceTree = "<group>";
		};
		6CDF1A9E15BA319B0036FE6F /* TweetMarkerForEchofon */ = {
			isa = PBXGroup;
			children = (
				6CDF1B1615BA34340036FE6F /* TweetMarkerAPI_KEY.h */,
				6CDF1B1715BA34340036FE6F /* TweetMarkerAPI_KEY.m */,
				6CDF1B1815BA34340036FE6F /* TweetMarkerForEchofon.h */,
				6CDF1B1915BA34340036FE6F /* TweetMarkerForEchofon.m */,
				6CDF1B1A15BA34340036FE6F /* TweetMarkerClient.h */,
				6CDF1B1B15BA34340036FE6F /* TweetMarkerClient.m */,
				6CDF1A9F15BA319B0036FE6F /* Supporting Files */,
			);
			path = TweetMarkerForEchofon;
			sourceTree = "<group>";
		};
		6CDF1A9F15BA319B0036FE6F /* Supporting Files */ = {
			isa = PBXGroup;
			children = (
				6CDF1AA015BA319B0036FE6F /* TweetMarkerForEchofon-Info.plist */,
				6CDF1AA115BA319B0036FE6F /* InfoPlist.strings */,
			);
			name = "Supporting Files";
			sourceTree = "<group>";
		};
		6CDF1ABC15BA33330036FE6F /* MyTrendsForEchofon */ = {
			isa = PBXGroup;
			children = (
				6CDF1B2415BA34E20036FE6F /* MyTrendsForEchofon.h */,
				6CDF1B2515BA34E20036FE6F /* MyTrendsForEchofon.m */,
				6CDF1B2615BA34E20036FE6F /* MyTrendsAccountSettings.h */,
				6CDF1B2715BA34E20036FE6F /* MyTrendsAccountSettings.m */,
				6CDF1ABD15BA33330036FE6F /* Supporting Files */,
			);
			path = MyTrendsForEchofon;
			sourceTree = "<group>";
		};
		6CDF1ABD15BA33330036FE6F /* Supporting Files */ = {
			isa = PBXGroup;
			children = (
				6CDF1ABE15BA33330036FE6F /* MyTrendsForEchofon-Info.plist */,
				6CDF1ABF15BA33330036FE6F /* InfoPlist.strings */,
			);
			name = "Supporting Files";
			sourceTree = "<group>";
		};
		6CDF1ACC15BA334B0036FE6F /* ReadabilityForEchofon */ = {
			isa = PBXGroup;
			children = (
				6CDF1B2C15BA35010036FE6F /* ReadabilityAPI_KEY.h */,
				6CDF1B2D15BA35010036FE6F /* ReadabilityAPI_KEY.m */,
				6CDF1B2E15BA35010036FE6F /* ReadabilityForEchofon.h */,
				6CDF1B2F15BA35010036FE6F /* ReadabilityForEchofon.m */,
				6CDF1B3015BA35010036FE6F /* ReadabilityClient.h */,
				6CDF1B3115BA35010036FE6F /* ReadabilityClient.m */,
				6CDF1ACD15BA334B0036FE6F /* Supporting Files */,
			);
			path = ReadabilityForEchofon;
			sourceTree = "<group>";
		};
		6CDF1ACD15BA334B0036FE6F /* Supporting Files */ = {
			isa = PBXGroup;
			children = (
				6CDF1ACE15BA334B0036FE6F /* ReadabilityForEchofon-Info.plist */,
				6CDF1ACF15BA334B0036FE6F /* InfoPlist.strings */,
			);
			name = "Supporting Files";
			sourceTree = "<group>";
		};
		6CDF1ADC15BA338F0036FE6F /* AbsoluteTimeStringForEchofon */ = {
			isa = PBXGroup;
			children = (
				6CDF1B3815BA35160036FE6F /* AbsoluteTimeStringForEchofon.h */,
				6CDF1B3915BA35160036FE6F /* AbsoluteTimeStringForEchofon.m */,
				6CDF1ADD15BA338F0036FE6F /* Supporting Files */,
			);
			path = AbsoluteTimeStringForEchofon;
			sourceTree = "<group>";
		};
		6CDF1ADD15BA338F0036FE6F /* Supporting Files */ = {
			isa = PBXGroup;
			children = (
				6CDF1ADE15BA338F0036FE6F /* AbsoluteTimeStringForEchofon-Info.plist */,
				6CDF1ADF15BA338F0036FE6F /* InfoPlist.strings */,
			);
			name = "Supporting Files";
			sourceTree = "<group>";
		};
		6CDF1AEC15BA339E0036FE6F /* RetweetWithCommentSetInReplyToForEchofon */ = {
			isa = PBXGroup;
			children = (
				6CDF1B3C15BA35290036FE6F /* RetweetWithCommentSetInReplyToForEchofon.h */,
				6CDF1B3D15BA35290036FE6F /* RetweetWithCommentSetInReplyToForEchofon.m */,
				6CDF1AED15BA339E0036FE6F /* Supporting Files */,
			);
			path = RetweetWithCommentSetInReplyToForEchofon;
			sourceTree = "<group>";
		};
		6CDF1AED15BA339E0036FE6F /* Supporting Files */ = {
			isa = PBXGroup;
			children = (
				6CDF1AEE15BA339E0036FE6F /* RetweetWithCommentSetInReplyToForEchofon-Info.plist */,
				6CDF1AEF15BA339E0036FE6F /* InfoPlist.strings */,
			);
			name = "Supporting Files";
			sourceTree = "<group>";
		};
		6CDF1AFC15BA33B20036FE6F /* DisableMarkAsReadCurrentTab */ = {
			isa = PBXGroup;
			children = (
				6CDF1B4015BA354E0036FE6F /* DisableMarkAsReadCurrentTab.h */,
				6CDF1B4115BA354E0036FE6F /* DisableMarkAsReadCurrentTab.m */,
				6CDF1AFD15BA33B20036FE6F /* Supporting Files */,
			);
			path = DisableMarkAsReadCurrentTab;
			sourceTree = "<group>";
		};
		6CDF1AFD15BA33B20036FE6F /* Supporting Files */ = {
			isa = PBXGroup;
			children = (
				6CDF1AFE15BA33B20036FE6F /* DisableMarkAsReadCurrentTab-Info.plist */,
				6CDF1AFF15BA33B20036FE6F /* InfoPlist.strings */,
			);
			name = "Supporting Files";
			sourceTree = "<group>";
		};
		6CDF1B0C15BA33C00036FE6F /* ExtendImageServiceForEchofon */ = {
			isa = PBXGroup;
			children = (
				6CDF1B4415BA356A0036FE6F /* ExtendImageServiceForEchofon.h */,
				6CDF1B4515BA356A0036FE6F /* ExtendImageServiceForEchofon.m */,
				6CDF1B0D15BA33C00036FE6F /* Supporting Files */,
			);
			path = ExtendImageServiceForEchofon;
			sourceTree = "<group>";
		};
		6CDF1B0D15BA33C00036FE6F /* Supporting Files */ = {
			isa = PBXGroup;
			children = (
				6CDF1B0E15BA33C00036FE6F /* ExtendImageServiceForEchofon-Info.plist */,
				6CDF1B0F15BA33C00036FE6F /* InfoPlist.strings */,
			);
			name = "Supporting Files";
			sourceTree = "<group>";
		};
/* End PBXGroup section */

/* Begin PBXNativeTarget section */
		6CDF1A9415BA319B0036FE6F /* TweetMarkerForEchofon */ = {
			isa = PBXNativeTarget;
			buildConfigurationList = 6CDF1AA515BA319B0036FE6F /* Build configuration list for PBXNativeTarget "TweetMarkerForEchofon" */;
			buildPhases = (
				6CDF1A9115BA319B0036FE6F /* Sources */,
				6CDF1A9215BA319B0036FE6F /* Frameworks */,
				6CDF1A9315BA319B0036FE6F /* Resources */,
			);
			buildRules = (
			);
			dependencies = (
			);
			name = TweetMarkerForEchofon;
			productName = TweetMarkerForEchofon;
			productReference = 6CDF1A9515BA319B0036FE6F /* TweetMarkerForEchofon.bundle */;
			productType = "com.apple.product-type.bundle";
		};
		6CDF1AB915BA33330036FE6F /* MyTrendsForEchofon */ = {
			isa = PBXNativeTarget;
			buildConfigurationList = 6CDF1AC315BA33330036FE6F /* Build configuration list for PBXNativeTarget "MyTrendsForEchofon" */;
			buildPhases = (
				6CDF1AB615BA33330036FE6F /* Sources */,
				6CDF1AB715BA33330036FE6F /* Frameworks */,
				6CDF1AB815BA33330036FE6F /* Resources */,
			);
			buildRules = (
			);
			dependencies = (
			);
			name = MyTrendsForEchofon;
			productName = MyTrendsForEchofon;
			productReference = 6CDF1ABA15BA33330036FE6F /* MyTrendsForEchofon.bundle */;
			productType = "com.apple.product-type.bundle";
		};
		6CDF1AC915BA334B0036FE6F /* ReadabilityForEchofon */ = {
			isa = PBXNativeTarget;
			buildConfigurationList = 6CDF1AD315BA334B0036FE6F /* Build configuration list for PBXNativeTarget "ReadabilityForEchofon" */;
			buildPhases = (
				6CDF1AC615BA334B0036FE6F /* Sources */,
				6CDF1AC715BA334B0036FE6F /* Frameworks */,
				6CDF1AC815BA334B0036FE6F /* Resources */,
			);
			buildRules = (
			);
			dependencies = (
			);
			name = ReadabilityForEchofon;
			productName = ReadabilityForEchofon;
			productReference = 6CDF1ACA15BA334B0036FE6F /* ReadabilityForEchofon.bundle */;
			productType = "com.apple.product-type.bundle";
		};
		6CDF1AD915BA338F0036FE6F /* AbsoluteTimeStringForEchofon */ = {
			isa = PBXNativeTarget;
			buildConfigurationList = 6CDF1AE315BA338F0036FE6F /* Build configuration list for PBXNativeTarget "AbsoluteTimeStringForEchofon" */;
			buildPhases = (
				6CDF1AD615BA338F0036FE6F /* Sources */,
				6CDF1AD715BA338F0036FE6F /* Frameworks */,
				6CDF1AD815BA338F0036FE6F /* Resources */,
			);
			buildRules = (
			);
			dependencies = (
			);
			name = AbsoluteTimeStringForEchofon;
			productName = AbsoluteTimeStringForEchofon;
			productReference = 6CDF1ADA15BA338F0036FE6F /* AbsoluteTimeStringForEchofon.bundle */;
			productType = "com.apple.product-type.bundle";
		};
		6CDF1AE915BA339E0036FE6F /* RetweetWithCommentSetInReplyToForEchofon */ = {
			isa = PBXNativeTarget;
			buildConfigurationList = 6CDF1AF315BA339E0036FE6F /* Build configuration list for PBXNativeTarget "RetweetWithCommentSetInReplyToForEchofon" */;
			buildPhases = (
				6CDF1AE615BA339E0036FE6F /* Sources */,
				6CDF1AE715BA339E0036FE6F /* Frameworks */,
				6CDF1AE815BA339E0036FE6F /* Resources */,
			);
			buildRules = (
			);
			dependencies = (
			);
			name = RetweetWithCommentSetInReplyToForEchofon;
			productName = RetweetWithCommentSetInReplyToForEchofon;
			productReference = 6CDF1AEA15BA339E0036FE6F /* RetweetWithCommentSetInReplyToForEchofon.bundle */;
			productType = "com.apple.product-type.bundle";
		};
		6CDF1AF915BA33B20036FE6F /* DisableMarkAsReadCurrentTab */ = {
			isa = PBXNativeTarget;
			buildConfigurationList = 6CDF1B0315BA33B20036FE6F /* Build configuration list for PBXNativeTarget "DisableMarkAsReadCurrentTab" */;
			buildPhases = (
				6CDF1AF615BA33B20036FE6F /* Sources */,
				6CDF1AF715BA33B20036FE6F /* Frameworks */,
				6CDF1AF815BA33B20036FE6F /* Resources */,
			);
			buildRules = (
			);
			dependencies = (
			);
			name = DisableMarkAsReadCurrentTab;
			productName = DisableMarkAsReadCurrentTab;
			productReference = 6CDF1AFA15BA33B20036FE6F /* DisableMarkAsReadCurrentTab.bundle */;
			productType = "com.apple.product-type.bundle";
		};
		6CDF1B0915BA33C00036FE6F /* ExtendImageServiceForEchofon */ = {
			isa = PBXNativeTarget;
			buildConfigurationList = 6CDF1B1315BA33C00036FE6F /* Build configuration list for PBXNativeTarget "ExtendImageServiceForEchofon" */;
			buildPhases = (
				6CDF1B0615BA33C00036FE6F /* Sources */,
				6CDF1B0715BA33C00036FE6F /* Frameworks */,
				6CDF1B0815BA33C00036FE6F /* Resources */,
			);
			buildRules = (
			);
			dependencies = (
			);
			name = ExtendImageServiceForEchofon;
			productName = ExtendImageServiceForEchofon;
			productReference = 6CDF1B0A15BA33C00036FE6F /* ExtendImageServiceForEchofon.bundle */;
			productType = "com.apple.product-type.bundle";
		};
/* End PBXNativeTarget section */

/* Begin PBXProject section */
		6C09B0BE153667DB004258BD /* Project object */ = {
			isa = PBXProject;
			attributes = {
				LastUpgradeCheck = 0440;
			};
			buildConfigurationList = 6C09B0C1153667DB004258BD /* Build configuration list for PBXProject "SimblPluginsForEchofon" */;
			compatibilityVersion = "Xcode 3.2";
			developmentRegion = English;
			hasScannedForEncodings = 0;
			knownRegions = (
				en,
			);
			mainGroup = 6C09B0BC153667DB004258BD;
			productRefGroup = 6CDF1A9615BA319B0036FE6F /* Products */;
			projectDirPath = "";
			projectRoot = "";
			targets = (
				6CDF1A9415BA319B0036FE6F /* TweetMarkerForEchofon */,
				6CDF1AB915BA33330036FE6F /* MyTrendsForEchofon */,
				6CDF1AC915BA334B0036FE6F /* ReadabilityForEchofon */,
				6CDF1AD915BA338F0036FE6F /* AbsoluteTimeStringForEchofon */,
				6CDF1AE915BA339E0036FE6F /* RetweetWithCommentSetInReplyToForEchofon */,
				6CDF1AF915BA33B20036FE6F /* DisableMarkAsReadCurrentTab */,
				6CDF1B0915BA33C00036FE6F /* ExtendImageServiceForEchofon */,
				6C09B0E415366950004258BD /* SimblPluginsForEchofon */,
			);
		};
/* End PBXProject section */

/* Begin PBXResourcesBuildPhase section */
		6CDF1A9315BA319B0036FE6F /* Resources */ = {
			isa = PBXResourcesBuildPhase;
			buildActionMask = 2147483647;
			files = (
				6CDF1AA315BA319B0036FE6F /* InfoPlist.strings in Resources */,
			);
			runOnlyForDeploymentPostprocessing = 0;
		};
		6CDF1AB815BA33330036FE6F /* Resources */ = {
			isa = PBXResourcesBuildPhase;
			buildActionMask = 2147483647;
			files = (
				6CDF1AC115BA33330036FE6F /* InfoPlist.strings in Resources */,
			);
			runOnlyForDeploymentPostprocessing = 0;
		};
		6CDF1AC815BA334B0036FE6F /* Resources */ = {
			isa = PBXResourcesBuildPhase;
			buildActionMask = 2147483647;
			files = (
				6CDF1AD115BA334B0036FE6F /* InfoPlist.strings in Resources */,
			);
			runOnlyForDeploymentPostprocessing = 0;
		};
		6CDF1AD815BA338F0036FE6F /* Resources */ = {
			isa = PBXResourcesBuildPhase;
			buildActionMask = 2147483647;
			files = (
				6CDF1AE115BA338F0036FE6F /* InfoPlist.strings in Resources */,
			);
			runOnlyForDeploymentPostprocessing = 0;
		};
		6CDF1AE815BA339E0036FE6F /* Resources */ = {
			isa = PBXResourcesBuildPhase;
			buildActionMask = 2147483647;
			files = (
				6CDF1AF115BA339E0036FE6F /* InfoPlist.strings in Resources */,
			);
			runOnlyForDeploymentPostprocessing = 0;
		};
		6CDF1AF815BA33B20036FE6F /* Resources */ = {
			isa = PBXResourcesBuildPhase;
			buildActionMask = 2147483647;
			files = (
				6CDF1B0115BA33B20036FE6F /* InfoPlist.strings in Resources */,
			);
			runOnlyForDeploymentPostprocessing = 0;
		};
		6CDF1B0815BA33C00036FE6F /* Resources */ = {
			isa = PBXResourcesBuildPhase;
			buildActionMask = 2147483647;
			files = (
				6CDF1B1115BA33C00036FE6F /* InfoPlist.strings in Resources */,
			);
			runOnlyForDeploymentPostprocessing = 0;
		};
/* End PBXResourcesBuildPhase section */

/* Begin PBXShellScriptBuildPhase section */
		6C63B5301536DAC100BB56B9 /* ShellScript */ = {
			isa = PBXShellScriptBuildPhase;
			buildActionMask = 2147483647;
			files = (
			);
			inputPaths = (
			);
			outputPaths = (
			);
			runOnlyForDeploymentPostprocessing = 0;
			shellPath = /bin/sh;
			shellScript = "if [ \"${CONFIGURATION}\" = \"Release\" ]; then\n  cd ${TARGET_BUILD_DIR}\n  zip -r ${SRCROOT}/downloads/${PRODUCT_NAME}-${VERSION}.zip *.bundle\nfi";
			showEnvVarsInLog = 0;
		};
/* End PBXShellScriptBuildPhase section */

/* Begin PBXSourcesBuildPhase section */
		6CDF1A9115BA319B0036FE6F /* Sources */ = {
			isa = PBXSourcesBuildPhase;
			buildActionMask = 2147483647;
			files = (
				6CDF1B1D15BA34340036FE6F /* TweetMarkerAPI_KEY.m in Sources */,
				6CDF1B1F15BA34340036FE6F /* TweetMarkerForEchofon.m in Sources */,
				6CDF1B2115BA34340036FE6F /* TweetMarkerClient.m in Sources */,
			);
			runOnlyForDeploymentPostprocessing = 0;
		};
		6CDF1AB615BA33330036FE6F /* Sources */ = {
			isa = PBXSourcesBuildPhase;
			buildActionMask = 2147483647;
			files = (
				6CDF1B2915BA34E20036FE6F /* MyTrendsForEchofon.m in Sources */,
				6CDF1B2B15BA34E20036FE6F /* MyTrendsAccountSettings.m in Sources */,
			);
			runOnlyForDeploymentPostprocessing = 0;
		};
		6CDF1AC615BA334B0036FE6F /* Sources */ = {
			isa = PBXSourcesBuildPhase;
			buildActionMask = 2147483647;
			files = (
				6CDF1B3315BA35010036FE6F /* ReadabilityAPI_KEY.m in Sources */,
				6CDF1B3515BA35010036FE6F /* ReadabilityForEchofon.m in Sources */,
				6CDF1B3715BA35010036FE6F /* ReadabilityClient.m in Sources */,
			);
			runOnlyForDeploymentPostprocessing = 0;
		};
		6CDF1AD615BA338F0036FE6F /* Sources */ = {
			isa = PBXSourcesBuildPhase;
			buildActionMask = 2147483647;
			files = (
				6CDF1B3B15BA35160036FE6F /* AbsoluteTimeStringForEchofon.m in Sources */,
			);
			runOnlyForDeploymentPostprocessing = 0;
		};
		6CDF1AE615BA339E0036FE6F /* Sources */ = {
			isa = PBXSourcesBuildPhase;
			buildActionMask = 2147483647;
			files = (
				6CDF1B3F15BA35290036FE6F /* RetweetWithCommentSetInReplyToForEchofon.m in Sources */,
			);
			runOnlyForDeploymentPostprocessing = 0;
		};
		6CDF1AF615BA33B20036FE6F /* Sources */ = {
			isa = PBXSourcesBuildPhase;
			buildActionMask = 2147483647;
			files = (
				6CDF1B4315BA354E0036FE6F /* DisableMarkAsReadCurrentTab.m in Sources */,
			);
			runOnlyForDeploymentPostprocessing = 0;
		};
		6CDF1B0615BA33C00036FE6F /* Sources */ = {
			isa = PBXSourcesBuildPhase;
			buildActionMask = 2147483647;
			files = (
				6CDF1B4715BA356A0036FE6F /* ExtendImageServiceForEchofon.m in Sources */,
			);
			runOnlyForDeploymentPostprocessing = 0;
		};
/* End PBXSourcesBuildPhase section */

/* Begin PBXTargetDependency section */
		6CDF1B5615BA3EC30036FE6F /* PBXTargetDependency */ = {
			isa = PBXTargetDependency;
			target = 6CDF1A9415BA319B0036FE6F /* TweetMarkerForEchofon */;
			targetProxy = 6CDF1B5515BA3EC30036FE6F /* PBXContainerItemProxy */;
		};
		6CDF1B5815BA3EC30036FE6F /* PBXTargetDependency */ = {
			isa = PBXTargetDependency;
			target = 6CDF1AB915BA33330036FE6F /* MyTrendsForEchofon */;
			targetProxy = 6CDF1B5715BA3EC30036FE6F /* PBXContainerItemProxy */;
		};
		6CDF1B5A15BA3EC30036FE6F /* PBXTargetDependency */ = {
			isa = PBXTargetDependency;
			target = 6CDF1AC915BA334B0036FE6F /* ReadabilityForEchofon */;
			targetProxy = 6CDF1B5915BA3EC30036FE6F /* PBXContainerItemProxy */;
		};
		6CDF1B5C15BA3EC30036FE6F /* PBXTargetDependency */ = {
			isa = PBXTargetDependency;
			target = 6CDF1AD915BA338F0036FE6F /* AbsoluteTimeStringForEchofon */;
			targetProxy = 6CDF1B5B15BA3EC30036FE6F /* PBXContainerItemProxy */;
		};
		6CDF1B5E15BA3EC30036FE6F /* PBXTargetDependency */ = {
			isa = PBXTargetDependency;
			target = 6CDF1AE915BA339E0036FE6F /* RetweetWithCommentSetInReplyToForEchofon */;
			targetProxy = 6CDF1B5D15BA3EC30036FE6F /* PBXContainerItemProxy */;
		};
		6CDF1B6015BA3EC30036FE6F /* PBXTargetDependency */ = {
			isa = PBXTargetDependency;
			target = 6CDF1AF915BA33B20036FE6F /* DisableMarkAsReadCurrentTab */;
			targetProxy = 6CDF1B5F15BA3EC30036FE6F /* PBXContainerItemProxy */;
		};
		6CDF1B6215BA3EC30036FE6F /* PBXTargetDependency */ = {
			isa = PBXTargetDependency;
			target = 6CDF1B0915BA33C00036FE6F /* ExtendImageServiceForEchofon */;
			targetProxy = 6CDF1B6115BA3EC30036FE6F /* PBXContainerItemProxy */;
		};
/* End PBXTargetDependency section */

/* Begin PBXVariantGroup section */
		6CDF1AA115BA319B0036FE6F /* InfoPlist.strings */ = {
			isa = PBXVariantGroup;
			children = (
				6CDF1AA215BA319B0036FE6F /* en */,
			);
			name = InfoPlist.strings;
			sourceTree = "<group>";
		};
		6CDF1ABF15BA33330036FE6F /* InfoPlist.strings */ = {
			isa = PBXVariantGroup;
			children = (
				6CDF1AC015BA33330036FE6F /* en */,
			);
			name = InfoPlist.strings;
			sourceTree = "<group>";
		};
		6CDF1ACF15BA334B0036FE6F /* InfoPlist.strings */ = {
			isa = PBXVariantGroup;
			children = (
				6CDF1AD015BA334B0036FE6F /* en */,
			);
			name = InfoPlist.strings;
			sourceTree = "<group>";
		};
		6CDF1ADF15BA338F0036FE6F /* InfoPlist.strings */ = {
			isa = PBXVariantGroup;
			children = (
				6CDF1AE015BA338F0036FE6F /* en */,
			);
			name = InfoPlist.strings;
			sourceTree = "<group>";
		};
		6CDF1AEF15BA339E0036FE6F /* InfoPlist.strings */ = {
			isa = PBXVariantGroup;
			children = (
				6CDF1AF015BA339E0036FE6F /* en */,
			);
			name = InfoPlist.strings;
			sourceTree = "<group>";
		};
		6CDF1AFF15BA33B20036FE6F /* InfoPlist.strings */ = {
			isa = PBXVariantGroup;
			children = (
				6CDF1B0015BA33B20036FE6F /* en */,
			);
			name = InfoPlist.strings;
			sourceTree = "<group>";
		};
		6CDF1B0F15BA33C00036FE6F /* InfoPlist.strings */ = {
			isa = PBXVariantGroup;
			children = (
				6CDF1B1015BA33C00036FE6F /* en */,
			);
			name = InfoPlist.strings;
			sourceTree = "<group>";
		};
/* End PBXVariantGroup section */

/* Begin XCBuildConfiguration section */
		6C09B0C3153667DB004258BD /* Debug */ = {
			isa = XCBuildConfiguration;
			buildSettings = {
				ALWAYS_SEARCH_USER_PATHS = NO;
				ARCHS = "$(ARCHS_STANDARD_64_BIT)";
				CLANG_CXX_LANGUAGE_STANDARD = "gnu++0x";
				CLANG_WARN__DUPLICATE_METHOD_MATCH = YES;
				COMBINE_HIDPI_IMAGES = YES;
				COPY_PHASE_STRIP = NO;
				GCC_C_LANGUAGE_STANDARD = gnu99;
				GCC_DYNAMIC_NO_PIC = NO;
				GCC_ENABLE_OBJC_EXCEPTIONS = YES;
				GCC_OPTIMIZATION_LEVEL = 0;
				GCC_PRECOMPILE_PREFIX_HEADER = YES;
				GCC_PREFIX_HEADER = "Common/SimblPluginsForEchofon-Prefix.pch";
				GCC_PREPROCESSOR_DEFINITIONS = (
					"DEBUG=1",
					"$(inherited)",
				);
				GCC_SYMBOLS_PRIVATE_EXTERN = NO;
				GCC_VERSION = com.apple.compilers.llvm.clang.1_0;
				GCC_WARN_64_TO_32_BIT_CONVERSION = YES;
				GCC_WARN_ABOUT_RETURN_TYPE = YES;
				GCC_WARN_UNINITIALIZED_AUTOS = YES;
				GCC_WARN_UNUSED_VARIABLE = YES;
				MACOSX_DEPLOYMENT_TARGET = 10.6;
				ONLY_ACTIVE_ARCH = YES;
				SDKROOT = macosx;
			};
			name = Debug;
		};
		6C09B0C4153667DB004258BD /* Release */ = {
			isa = XCBuildConfiguration;
			buildSettings = {
				ALWAYS_SEARCH_USER_PATHS = NO;
				ARCHS = "$(ARCHS_STANDARD_64_BIT)";
				CLANG_CXX_LANGUAGE_STANDARD = "gnu++0x";
				CLANG_WARN__DUPLICATE_METHOD_MATCH = YES;
				CODE_SIGN_IDENTITY = "Developer ID Application: Norio Nomura";
				COMBINE_HIDPI_IMAGES = YES;
				COPY_PHASE_STRIP = YES;
				DEBUG_INFORMATION_FORMAT = "dwarf-with-dsym";
				GCC_C_LANGUAGE_STANDARD = gnu99;
				GCC_ENABLE_OBJC_EXCEPTIONS = YES;
				GCC_PRECOMPILE_PREFIX_HEADER = YES;
				GCC_PREFIX_HEADER = "Common/SimblPluginsForEchofon-Prefix.pch";
				GCC_VERSION = com.apple.compilers.llvm.clang.1_0;
				GCC_WARN_64_TO_32_BIT_CONVERSION = YES;
				GCC_WARN_ABOUT_RETURN_TYPE = YES;
				GCC_WARN_UNINITIALIZED_AUTOS = YES;
				GCC_WARN_UNUSED_VARIABLE = YES;
				MACOSX_DEPLOYMENT_TARGET = 10.6;
				PROVISIONING_PROFILE = "";
				SDKROOT = macosx;
			};
			name = Release;
		};
		6C09B0E615366950004258BD /* Debug */ = {
			isa = XCBuildConfiguration;
			buildSettings = {
				COMBINE_HIDPI_IMAGES = YES;
				PRODUCT_NAME = "$(TARGET_NAME)";
				VERSION = 1.4;
			};
			name = Debug;
		};
		6C09B0E715366950004258BD /* Release */ = {
			isa = XCBuildConfiguration;
			buildSettings = {
				COMBINE_HIDPI_IMAGES = YES;
				PRODUCT_NAME = "$(TARGET_NAME)";
				VERSION = 1.4;
			};
			name = Release;
		};
		6CDF1AA615BA319B0036FE6F /* Debug */ = {
			isa = XCBuildConfiguration;
			buildSettings = {
				INFOPLIST_FILE = "TweetMarkerForEchofon/TweetMarkerForEchofon-Info.plist";
				PRODUCT_NAME = "$(TARGET_NAME)";
				WRAPPER_EXTENSION = bundle;
			};
			name = Debug;
		};
		6CDF1AA715BA319B0036FE6F /* Release */ = {
			isa = XCBuildConfiguration;
			buildSettings = {
				INFOPLIST_FILE = "TweetMarkerForEchofon/TweetMarkerForEchofon-Info.plist";
				PRODUCT_NAME = "$(TARGET_NAME)";
				WRAPPER_EXTENSION = bundle;
			};
			name = Release;
		};
		6CDF1AC415BA33330036FE6F /* Debug */ = {
			isa = XCBuildConfiguration;
			buildSettings = {
				INFOPLIST_FILE = "MyTrendsForEchofon/MyTrendsForEchofon-Info.plist";
				PRODUCT_NAME = "$(TARGET_NAME)";
				WRAPPER_EXTENSION = bundle;
			};
			name = Debug;
		};
		6CDF1AC515BA33330036FE6F /* Release */ = {
			isa = XCBuildConfiguration;
			buildSettings = {
				INFOPLIST_FILE = "MyTrendsForEchofon/MyTrendsForEchofon-Info.plist";
				PRODUCT_NAME = "$(TARGET_NAME)";
				WRAPPER_EXTENSION = bundle;
			};
			name = Release;
		};
		6CDF1AD415BA334B0036FE6F /* Debug */ = {
			isa = XCBuildConfiguration;
			buildSettings = {
				INFOPLIST_FILE = "ReadabilityForEchofon/ReadabilityForEchofon-Info.plist";
				PRODUCT_NAME = "$(TARGET_NAME)";
				WRAPPER_EXTENSION = bundle;
			};
			name = Debug;
		};
		6CDF1AD515BA334B0036FE6F /* Release */ = {
			isa = XCBuildConfiguration;
			buildSettings = {
				INFOPLIST_FILE = "ReadabilityForEchofon/ReadabilityForEchofon-Info.plist";
				PRODUCT_NAME = "$(TARGET_NAME)";
				WRAPPER_EXTENSION = bundle;
			};
			name = Release;
		};
		6CDF1AE415BA338F0036FE6F /* Debug */ = {
			isa = XCBuildConfiguration;
			buildSettings = {
				INFOPLIST_FILE = "AbsoluteTimeStringForEchofon/AbsoluteTimeStringForEchofon-Info.plist";
				PRODUCT_NAME = "$(TARGET_NAME)";
				WRAPPER_EXTENSION = bundle;
			};
			name = Debug;
		};
		6CDF1AE515BA338F0036FE6F /* Release */ = {
			isa = XCBuildConfiguration;
			buildSettings = {
				INFOPLIST_FILE = "AbsoluteTimeStringForEchofon/AbsoluteTimeStringForEchofon-Info.plist";
				PRODUCT_NAME = "$(TARGET_NAME)";
				WRAPPER_EXTENSION = bundle;
			};
			name = Release;
		};
		6CDF1AF415BA339E0036FE6F /* Debug */ = {
			isa = XCBuildConfiguration;
			buildSettings = {
				INFOPLIST_FILE = "RetweetWithCommentSetInReplyToForEchofon/RetweetWithCommentSetInReplyToForEchofon-Info.plist";
				PRODUCT_NAME = "$(TARGET_NAME)";
				WRAPPER_EXTENSION = bundle;
			};
			name = Debug;
		};
		6CDF1AF515BA339E0036FE6F /* Release */ = {
			isa = XCBuildConfiguration;
			buildSettings = {
				INFOPLIST_FILE = "RetweetWithCommentSetInReplyToForEchofon/RetweetWithCommentSetInReplyToForEchofon-Info.plist";
				PRODUCT_NAME = "$(TARGET_NAME)";
				WRAPPER_EXTENSION = bundle;
			};
			name = Release;
		};
		6CDF1B0415BA33B20036FE6F /* Debug */ = {
			isa = XCBuildConfiguration;
			buildSettings = {
				INFOPLIST_FILE = "DisableMarkAsReadCurrentTab/DisableMarkAsReadCurrentTab-Info.plist";
				PRODUCT_NAME = "$(TARGET_NAME)";
				WRAPPER_EXTENSION = bundle;
			};
			name = Debug;
		};
		6CDF1B0515BA33B20036FE6F /* Release */ = {
			isa = XCBuildConfiguration;
			buildSettings = {
				INFOPLIST_FILE = "DisableMarkAsReadCurrentTab/DisableMarkAsReadCurrentTab-Info.plist";
				PRODUCT_NAME = "$(TARGET_NAME)";
				WRAPPER_EXTENSION = bundle;
			};
			name = Release;
		};
		6CDF1B1415BA33C00036FE6F /* Debug */ = {
			isa = XCBuildConfiguration;
			buildSettings = {
				INFOPLIST_FILE = "ExtendImageServiceForEchofon/ExtendImageServiceForEchofon-Info.plist";
				PRODUCT_NAME = "$(TARGET_NAME)";
				WRAPPER_EXTENSION = bundle;
			};
			name = Debug;
		};
		6CDF1B1515BA33C00036FE6F /* Release */ = {
			isa = XCBuildConfiguration;
			buildSettings = {
				INFOPLIST_FILE = "ExtendImageServiceForEchofon/ExtendImageServiceForEchofon-Info.plist";
				PRODUCT_NAME = "$(TARGET_NAME)";
				WRAPPER_EXTENSION = bundle;
			};
			name = Release;
		};
/* End XCBuildConfiguration section */

/* Begin XCConfigurationList section */
		6C09B0C1153667DB004258BD /* Build configuration list for PBXProject "SimblPluginsForEchofon" */ = {
			isa = XCConfigurationList;
			buildConfigurations = (
				6C09B0C3153667DB004258BD /* Debug */,
				6C09B0C4153667DB004258BD /* Release */,
			);
			defaultConfigurationIsVisible = 0;
			defaultConfigurationName = Release;
		};
		6C09B0E515366950004258BD /* Build configuration list for PBXAggregateTarget "SimblPluginsForEchofon" */ = {
			isa = XCConfigurationList;
			buildConfigurations = (
				6C09B0E615366950004258BD /* Debug */,
				6C09B0E715366950004258BD /* Release */,
			);
			defaultConfigurationIsVisible = 0;
			defaultConfigurationName = Release;
		};
		6CDF1AA515BA319B0036FE6F /* Build configuration list for PBXNativeTarget "TweetMarkerForEchofon" */ = {
			isa = XCConfigurationList;
			buildConfigurations = (
				6CDF1AA615BA319B0036FE6F /* Debug */,
				6CDF1AA715BA319B0036FE6F /* Release */,
			);
			defaultConfigurationIsVisible = 0;
			defaultConfigurationName = Release;
		};
		6CDF1AC315BA33330036FE6F /* Build configuration list for PBXNativeTarget "MyTrendsForEchofon" */ = {
			isa = XCConfigurationList;
			buildConfigurations = (
				6CDF1AC415BA33330036FE6F /* Debug */,
				6CDF1AC515BA33330036FE6F /* Release */,
			);
			defaultConfigurationIsVisible = 0;
			defaultConfigurationName = Release;
		};
		6CDF1AD315BA334B0036FE6F /* Build configuration list for PBXNativeTarget "ReadabilityForEchofon" */ = {
			isa = XCConfigurationList;
			buildConfigurations = (
				6CDF1AD415BA334B0036FE6F /* Debug */,
				6CDF1AD515BA334B0036FE6F /* Release */,
			);
			defaultConfigurationIsVisible = 0;
			defaultConfigurationName = Release;
		};
		6CDF1AE315BA338F0036FE6F /* Build configuration list for PBXNativeTarget "AbsoluteTimeStringForEchofon" */ = {
			isa = XCConfigurationList;
			buildConfigurations = (
				6CDF1AE415BA338F0036FE6F /* Debug */,
				6CDF1AE515BA338F0036FE6F /* Release */,
			);
			defaultConfigurationIsVisible = 0;
			defaultConfigurationName = Release;
		};
		6CDF1AF315BA339E0036FE6F /* Build configuration list for PBXNativeTarget "RetweetWithCommentSetInReplyToForEchofon" */ = {
			isa = XCConfigurationList;
			buildConfigurations = (
				6CDF1AF415BA339E0036FE6F /* Debug */,
				6CDF1AF515BA339E0036FE6F /* Release */,
			);
			defaultConfigurationIsVisible = 0;
			defaultConfigurationName = Release;
		};
		6CDF1B0315BA33B20036FE6F /* Build configuration list for PBXNativeTarget "DisableMarkAsReadCurrentTab" */ = {
			isa = XCConfigurationList;
			buildConfigurations = (
				6CDF1B0415BA33B20036FE6F /* Debug */,
				6CDF1B0515BA33B20036FE6F /* Release */,
			);
			defaultConfigurationIsVisible = 0;
			defaultConfigurationName = Release;
		};
		6CDF1B1315BA33C00036FE6F /* Build configuration list for PBXNativeTarget "ExtendImageServiceForEchofon" */ = {
			isa = XCConfigurationList;
			buildConfigurations = (
				6CDF1B1415BA33C00036FE6F /* Debug */,
				6CDF1B1515BA33C00036FE6F /* Release */,
			);
			defaultConfigurationIsVisible = 0;
			defaultConfigurationName = Release;
		};
/* End XCConfigurationList section */
	};
	rootObject = 6C09B0BE153667DB004258BD /* Project object */;
}
